Microsoft Visual Studio Solution File, Format Version 8.00
Project("{8BC9CEB8-8B4A-11D0-8D11-00A0C91BC942}") = "Library", "Library\Library.vcproj", "{B36D6721-BD41-4789-81C8-E522F61FFDA5}"
	ProjectSection(ProjectDependencies) = postProject
	EndProjectSection
EndProject
Project("{8BC9CEB8-8B4A-11D0-8D11-00A0C91BC942}") = "Stub", "Main\Stub.vcproj", "{06EA0234-6CBE-41E2-A65E-A8E16BB8E162}"
	ProjectSection(ProjectDependencies) = postProject
		{B36D6721-BD41-4789-81C8-E522F61FFDA5} = {B36D6721-BD41-4789-81C8-E522F61FFDA5}
	EndProjectSection
EndProject
Project("{8BC9CEB8-8B4A-11D0-8D11-00A0C91BC942}") = "DartLining", "Main\DartLining.vcproj", "{423C4759-0A3F-45FA-A96B-12BBCC3CD372}"
	ProjectSection(ProjectDependencies) = postProject
		{B36D6721-BD41-4789-81C8-E522F61FFDA5} = {B36D6721-BD41-4789-81C8-E522F61FFDA5}
	EndProjectSection
EndProject
Project("{8BC9CEB8-8B4A-11D0-8D11-00A0C91BC942}") = "Histogram", "Main\Histogram.vcproj", "{5725ADB5-3EFC-4693-9D37-2B9048675269}"
	ProjectSection(ProjectDependencies) = postProject
		{B36D6721-BD41-4789-81C8-E522F61FFDA5} = {B36D6721-BD41-4789-81C8-E522F61FFDA5}
	EndProjectSection
EndProject
Project("{8BC9CEB8-8B4A-11D0-8D11-00A0C91BC942}") = "DiffHistogram", "Main\DiffHistogram.vcproj", "{69083B8F-BDFA-4D57-A7CB-5CF5ACBCE01D}"
	ProjectSection(ProjectDependencies) = postProject
		{B36D6721-BD41-4789-81C8-E522F61FFDA5} = {B36D6721-BD41-4789-81C8-E522F61FFDA5}
	EndProjectSection
EndProject
Project("{8BC9CEB8-8B4A-11D0-8D11-00A0C91BC942}") = "RadialPlot", "Main\RadialPlot.vcproj", "{3DA622FF-91BD-427F-A613-A3661484FF70}"
	ProjectSection(ProjectDependencies) = postProject
		{B36D6721-BD41-4789-81C8-E522F61FFDA5} = {B36D6721-BD41-4789-81C8-E522F61FFDA5}
	EndProjectSection
EndProject
Project("{8BC9CEB8-8B4A-11D0-8D11-00A0C91BC942}") = "PFM2PPM", "Main\PFM2PPM.vcproj", "{47AD5715-AD26-45C9-9DAE-F5D03C4D9CF2}"
	ProjectSection(ProjectDependencies) = postProject
		{B36D6721-BD41-4789-81C8-E522F61FFDA5} = {B36D6721-BD41-4789-81C8-E522F61FFDA5}
	EndProjectSection
EndProject
Project("{8BC9CEB8-8B4A-11D0-8D11-00A0C91BC942}") = "NormPFT", "Main\NormPFT.vcproj", "{AE34E382-B5AC-42BB-9AB3-795D1AD54641}"
	ProjectSection(ProjectDependencies) = postProject
		{B36D6721-BD41-4789-81C8-E522F61FFDA5} = {B36D6721-BD41-4789-81C8-E522F61FFDA5}
	EndProjectSection
EndProject
Project("{8BC9CEB8-8B4A-11D0-8D11-00A0C91BC942}") = "SyntheticPFT", "Main\SyntheticPFT.vcproj", "{A60A62BF-A1F5-4C49-BD37-E858269621E0}"
	ProjectSection(ProjectDependencies) = postProject
		{B36D6721-BD41-4789-81C8-E522F61FFDA5} = {B36D6721-BD41-4789-81C8-E522F61FFDA5}
	EndProjectSection
EndProject
Project("{8BC9CEB8-8B4A-11D0-8D11-00A0C91BC942}") = "SamplePFT", "Main\SamplePFT.vcproj", "{616CB53E-93BC-4577-AF52-D4FC2AE87274}"
	ProjectSection(ProjectDependencies) = postProject
		{B36D6721-BD41-4789-81C8-E522F61FFDA5} = {B36D6721-BD41-4789-81C8-E522F61FFDA5}
	EndProjectSection
EndProject
Project("{8BC9CEB8-8B4A-11D0-8D11-00A0C91BC942}") = "PFM2F2M", "Main\PFM2F2M.vcproj", "{B27988A7-6F7A-4C3E-9860-A8781A095575}"
	ProjectSection(ProjectDependencies) = postProject
		{B36D6721-BD41-4789-81C8-E522F61FFDA5} = {B36D6721-BD41-4789-81C8-E522F61FFDA5}
	EndProjectSection
EndProject
Project("{8BC9CEB8-8B4A-11D0-8D11-00A0C91BC942}") = "F2M2PFM", "Main\F2M2PFM.vcproj", "{38E92668-3620-4E67-B50F-0FA63DE5BAE8}"
	ProjectSection(ProjectDependencies) = postProject
		{B36D6721-BD41-4789-81C8-E522F61FFDA5} = {B36D6721-BD41-4789-81C8-E522F61FFDA5}
	EndProjectSection
EndProject
Project("{8BC9CEB8-8B4A-11D0-8D11-00A0C91BC942}") = "IsotropicWhiteNoise", "Main\IsotropicWhiteNoise.vcproj", "{F4092FD8-DF7E-44AA-B311-8A6A1556FBFB}"
	ProjectSection(ProjectDependencies) = postProject
		{B36D6721-BD41-4789-81C8-E522F61FFDA5} = {B36D6721-BD41-4789-81C8-E522F61FFDA5}
	EndProjectSection
EndProject
Project("{8BC9CEB8-8B4A-11D0-8D11-00A0C91BC942}") = "CascadeWhiteNoise", "Main\CascadeWhiteNoise.vcproj", "{C5EEA164-B1BE-426E-8876-D5BD7EFD916C}"
	ProjectSection(ProjectDependencies) = postProject
		{B36D6721-BD41-4789-81C8-E522F61FFDA5} = {B36D6721-BD41-4789-81C8-E522F61FFDA5}
	EndProjectSection
EndProject
Project("{8BC9CEB8-8B4A-11D0-8D11-00A0C91BC942}") = "UniformWhiteNoise", "Main\UniformWhiteNoise.vcproj", "{E35B6CCB-C806-4658-B5A8-171FDCC4AC13}"
	ProjectSection(ProjectDependencies) = postProject
		{B36D6721-BD41-4789-81C8-E522F61FFDA5} = {B36D6721-BD41-4789-81C8-E522F61FFDA5}
	EndProjectSection
EndProject
Project("{8BC9CEB8-8B4A-11D0-8D11-00A0C91BC942}") = "RegularGrid", "Main\RegularGrid.vcproj", "{A2A551EA-54A7-42FC-BCF5-498EA16BE5BA}"
	ProjectSection(ProjectDependencies) = postProject
		{B36D6721-BD41-4789-81C8-E522F61FFDA5} = {B36D6721-BD41-4789-81C8-E522F61FFDA5}
	EndProjectSection
EndProject
Project("{8BC9CEB8-8B4A-11D0-8D11-00A0C91BC942}") = "UniformDiffXform", "Main\UniformDiffXform.vcproj", "{F53FD0E0-7F2E-40A6-B7F5-3EE22983BBA1}"
	ProjectSection(ProjectDependencies) = postProject
		{B36D6721-BD41-4789-81C8-E522F61FFDA5} = {B36D6721-BD41-4789-81C8-E522F61FFDA5}
	EndProjectSection
EndProject
Project("{8BC9CEB8-8B4A-11D0-8D11-00A0C91BC942}") = "IsotropicDiffXform", "Main\IsotropicDiffXform.vcproj", "{F00FDF4C-E1CF-42AC-8CEE-24DFD2ECD45A}"
	ProjectSection(ProjectDependencies) = postProject
		{B36D6721-BD41-4789-81C8-E522F61FFDA5} = {B36D6721-BD41-4789-81C8-E522F61FFDA5}
	EndProjectSection
EndProject
Project("{8BC9CEB8-8B4A-11D0-8D11-00A0C91BC942}") = "NormF2M", "Main\NormF2M.vcproj", "{9FE52BB9-FDFE-4653-8C9A-0519006FD9B6}"
	ProjectSection(ProjectDependencies) = postProject
		{B36D6721-BD41-4789-81C8-E522F61FFDA5} = {B36D6721-BD41-4789-81C8-E522F61FFDA5}
	EndProjectSection
EndProject
Project("{8BC9CEB8-8B4A-11D0-8D11-00A0C91BC942}") = "PFM3PPM", "Main\PFM3PPM.vcproj", "{2A6E36BC-FC89-4519-9B02-C5033BA0ACE7}"
	ProjectSection(ProjectDependencies) = postProject
		{B36D6721-BD41-4789-81C8-E522F61FFDA5} = {B36D6721-BD41-4789-81C8-E522F61FFDA5}
	EndProjectSection
EndProject
Project("{8BC9CEB8-8B4A-11D0-8D11-00A0C91BC942}") = "RandomPickPointsSites", "Main\RandomPickPointsSites.vcproj", "{1B763F66-3C3C-4F4C-987A-1CB698DAB603}"
	ProjectSection(ProjectDependencies) = postProject
		{B36D6721-BD41-4789-81C8-E522F61FFDA5} = {B36D6721-BD41-4789-81C8-E522F61FFDA5}
	EndProjectSection
EndProject
Project("{8BC9CEB8-8B4A-11D0-8D11-00A0C91BC942}") = "TileF2M", "Main\TileF2M.vcproj", "{DBCE1113-3FDC-4DD7-AEE4-13DD781754B1}"
	ProjectSection(ProjectDependencies) = postProject
		{B36D6721-BD41-4789-81C8-E522F61FFDA5} = {B36D6721-BD41-4789-81C8-E522F61FFDA5}
	EndProjectSection
EndProject
Project("{8BC9CEB8-8B4A-11D0-8D11-00A0C91BC942}") = "MakeImportance", "Main\MakeImportance.vcproj", "{A9236F08-E9EE-474D-A547-20EEDDEB8C5C}"
	ProjectSection(ProjectDependencies) = postProject
		{B36D6721-BD41-4789-81C8-E522F61FFDA5} = {B36D6721-BD41-4789-81C8-E522F61FFDA5}
	EndProjectSection
EndProject
Project("{8BC9CEB8-8B4A-11D0-8D11-00A0C91BC942}") = "PGM2F2M", "Main\PGM2F2M.vcproj", "{E7BFB77F-35FC-4EF6-87EF-09FC581114A0}"
	ProjectSection(ProjectDependencies) = postProject
		{B36D6721-BD41-4789-81C8-E522F61FFDA5} = {B36D6721-BD41-4789-81C8-E522F61FFDA5}
	EndProjectSection
EndProject
Project("{8BC9CEB8-8B4A-11D0-8D11-00A0C91BC942}") = "AnisotropicWhiteNoise", "Main\AnisotropicWhiteNoise.vcproj", "{6BC7834B-20CC-4E95-9F8D-9D022C5CC310}"
	ProjectSection(ProjectDependencies) = postProject
		{B36D6721-BD41-4789-81C8-E522F61FFDA5} = {B36D6721-BD41-4789-81C8-E522F61FFDA5}
	EndProjectSection
EndProject
Project("{8BC9CEB8-8B4A-11D0-8D11-00A0C91BC942}") = "Matrix", "Main\Matrix.vcproj", "{829FDAB6-DAFC-41BC-BDC1-FEC5867C954D}"
	ProjectSection(ProjectDependencies) = postProject
		{B36D6721-BD41-4789-81C8-E522F61FFDA5} = {B36D6721-BD41-4789-81C8-E522F61FFDA5}
	EndProjectSection
EndProject
Project("{8BC9CEB8-8B4A-11D0-8D11-00A0C91BC942}") = "DartThrowing", "Main\DartThrowing.vcproj", "{332E7D3D-E904-4D65-808E-68E3687EE258}"
	ProjectSection(ProjectDependencies) = postProject
		{B36D6721-BD41-4789-81C8-E522F61FFDA5} = {B36D6721-BD41-4789-81C8-E522F61FFDA5}
	EndProjectSection
EndProject
Project("{8BC9CEB8-8B4A-11D0-8D11-00A0C91BC942}") = "ClipSamples", "Main\ClipSamples.vcproj", "{21B5BC38-8CD4-4F1B-B2F1-7CAA4F50B999}"
	ProjectSection(ProjectDependencies) = postProject
		{B36D6721-BD41-4789-81C8-E522F61FFDA5} = {B36D6721-BD41-4789-81C8-E522F61FFDA5}
	EndProjectSection
EndProject
Project("{8BC9CEB8-8B4A-11D0-8D11-00A0C91BC942}") = "WarpSamples", "Main\WarpSamples.vcproj", "{C54E34A9-11E1-440C-A88B-3E86EF83DD98}"
	ProjectSection(ProjectDependencies) = postProject
		{B36D6721-BD41-4789-81C8-E522F61FFDA5} = {B36D6721-BD41-4789-81C8-E522F61FFDA5}
	EndProjectSection
EndProject
Project("{8BC9CEB8-8B4A-11D0-8D11-00A0C91BC942}") = "Jacobian", "Main\Jacobian.vcproj", "{C1FAAC82-58EB-431B-8929-4F9ACDC41626}"
	ProjectSection(ProjectDependencies) = postProject
		{B36D6721-BD41-4789-81C8-E522F61FFDA5} = {B36D6721-BD41-4789-81C8-E522F61FFDA5}
	EndProjectSection
EndProject
Project("{8BC9CEB8-8B4A-11D0-8D11-00A0C91BC942}") = "AnisotropicDiffXform", "Main\AnisotropicDiffXform.vcproj", "{C11A77F0-FE16-4A77-B7AD-C54B3A51C642}"
	ProjectSection(ProjectDependencies) = postProject
		{B36D6721-BD41-4789-81C8-E522F61FFDA5} = {B36D6721-BD41-4789-81C8-E522F61FFDA5}
	EndProjectSection
EndProject
Project("{8BC9CEB8-8B4A-11D0-8D11-00A0C91BC942}") = "Warp2JacobianField", "Main\Warp2JacobianField.vcproj", "{7FB0B4F0-7F6B-40E3-9541-4A343F9AE277}"
	ProjectSection(ProjectDependencies) = postProject
		{B36D6721-BD41-4789-81C8-E522F61FFDA5} = {B36D6721-BD41-4789-81C8-E522F61FFDA5}
	EndProjectSection
EndProject
Project("{8BC9CEB8-8B4A-11D0-8D11-00A0C91BC942}") = "ScaleSamples", "Main\ScaleSamples.vcproj", "{AAFD0407-8939-4E4A-8782-96520E6A69DB}"
	ProjectSection(ProjectDependencies) = postProject
		{B36D6721-BD41-4789-81C8-E522F61FFDA5} = {B36D6721-BD41-4789-81C8-E522F61FFDA5}
	EndProjectSection
EndProject
Project("{8BC9CEB8-8B4A-11D0-8D11-00A0C91BC942}") = "Importance2JacobianField", "Main\Importance2JacobianField.vcproj", "{DB464233-EF88-47DE-87BA-BB0D7FA686F1}"
	ProjectSection(ProjectDependencies) = postProject
		{B36D6721-BD41-4789-81C8-E522F61FFDA5} = {B36D6721-BD41-4789-81C8-E522F61FFDA5}
	EndProjectSection
EndProject
Project("{8BC9CEB8-8B4A-11D0-8D11-00A0C91BC942}") = "AnisoIsoDiffXform", "Main\AnisoIsoDiffXform.vcproj", "{7E3A98D1-0CC2-417D-A801-AA5631FB1758}"
	ProjectSection(ProjectDependencies) = postProject
		{B36D6721-BD41-4789-81C8-E522F61FFDA5} = {B36D6721-BD41-4789-81C8-E522F61FFDA5}
	EndProjectSection
EndProject
Project("{8BC9CEB8-8B4A-11D0-8D11-00A0C91BC942}") = "AnisoIsoDiffRho", "Main\AnisoIsoDiffRho.vcproj", "{4E247468-9476-4697-B2DC-AB2A53E58829}"
	ProjectSection(ProjectDependencies) = postProject
		{B36D6721-BD41-4789-81C8-E522F61FFDA5} = {B36D6721-BD41-4789-81C8-E522F61FFDA5}
	EndProjectSection
EndProject
Project("{8BC9CEB8-8B4A-11D0-8D11-00A0C91BC942}") = "AnisotropicDiffRho", "Main\AnisotropicDiffRho.vcproj", "{955C3D2F-A17E-44CD-9A25-706B5F9F0862}"
	ProjectSection(ProjectDependencies) = postProject
		{B36D6721-BD41-4789-81C8-E522F61FFDA5} = {B36D6721-BD41-4789-81C8-E522F61FFDA5}
	EndProjectSection
EndProject
Project("{8BC9CEB8-8B4A-11D0-8D11-00A0C91BC942}") = "IsotropicDiffRho", "Main\IsotropicDiffRho.vcproj", "{443B271D-C0C8-4482-B6E3-AB288381C636}"
	ProjectSection(ProjectDependencies) = postProject
		{B36D6721-BD41-4789-81C8-E522F61FFDA5} = {B36D6721-BD41-4789-81C8-E522F61FFDA5}
	EndProjectSection
EndProject
Project("{8BC9CEB8-8B4A-11D0-8D11-00A0C91BC942}") = "UniformDiffRho", "Main\UniformDiffRho.vcproj", "{EDF1A352-DA9A-4094-8A93-CBD68D667D52}"
	ProjectSection(ProjectDependencies) = postProject
		{B36D6721-BD41-4789-81C8-E522F61FFDA5} = {B36D6721-BD41-4789-81C8-E522F61FFDA5}
	EndProjectSection
EndProject
Project("{8BC9CEB8-8B4A-11D0-8D11-00A0C91BC942}") = "SampleSelector", "Main\SampleSelector.vcproj", "{979E922D-A8E6-4FA3-9275-0C7621E64089}"
	ProjectSection(ProjectDependencies) = postProject
		{B36D6721-BD41-4789-81C8-E522F61FFDA5} = {B36D6721-BD41-4789-81C8-E522F61FFDA5}
	EndProjectSection
EndProject
Project("{8BC9CEB8-8B4A-11D0-8D11-00A0C91BC942}") = "TileSamples", "Main\TileSamples.vcproj", "{7BDED6BB-75C0-40B6-818B-8265484E5477}"
	ProjectSection(ProjectDependencies) = postProject
		{B36D6721-BD41-4789-81C8-E522F61FFDA5} = {B36D6721-BD41-4789-81C8-E522F61FFDA5}
	EndProjectSection
EndProject
Project("{8BC9CEB8-8B4A-11D0-8D11-00A0C91BC942}") = "DrawSamples", "Main\DrawSamples.vcproj", "{39C5E1A0-ECB4-45C8-BC03-A094497ED158}"
	ProjectSection(ProjectDependencies) = postProject
		{B36D6721-BD41-4789-81C8-E522F61FFDA5} = {B36D6721-BD41-4789-81C8-E522F61FFDA5}
	EndProjectSection
EndProject
Project("{8BC9CEB8-8B4A-11D0-8D11-00A0C91BC942}") = "Blueness", "Main\Blueness.vcproj", "{50A68F04-5656-44BA-AE9D-E484200F5260}"
	ProjectSection(ProjectDependencies) = postProject
		{B36D6721-BD41-4789-81C8-E522F61FFDA5} = {B36D6721-BD41-4789-81C8-E522F61FFDA5}
	EndProjectSection
EndProject
Project("{8BC9CEB8-8B4A-11D0-8D11-00A0C91BC942}") = "HexagonalGrid", "Main\HexagonalGrid.vcproj", "{892438EE-56DC-40AF-A526-9093AB3BD956}"
	ProjectSection(ProjectDependencies) = postProject
		{B36D6721-BD41-4789-81C8-E522F61FFDA5} = {B36D6721-BD41-4789-81C8-E522F61FFDA5}
	EndProjectSection
EndProject
Project("{8BC9CEB8-8B4A-11D0-8D11-00A0C91BC942}") = "Rui2F2M", "Main\Rui2F2M.vcproj", "{94E241F4-09D5-43C5-A32F-E2AF2C896E86}"
	ProjectSection(ProjectDependencies) = postProject
		{B36D6721-BD41-4789-81C8-E522F61FFDA5} = {B36D6721-BD41-4789-81C8-E522F61FFDA5}
	EndProjectSection
EndProject
Project("{8BC9CEB8-8B4A-11D0-8D11-00A0C91BC942}") = "UniformLpDiffXform", "Main\UniformLpDiffXform.vcproj", "{1F8E344D-4DEC-4133-9609-76466383CC34}"
	ProjectSection(ProjectDependencies) = postProject
		{B36D6721-BD41-4789-81C8-E522F61FFDA5} = {B36D6721-BD41-4789-81C8-E522F61FFDA5}
	EndProjectSection
EndProject
Project("{8BC9CEB8-8B4A-11D0-8D11-00A0C91BC942}") = "ShiftSamples", "Main\ShiftSamples.vcproj", "{B5815918-241C-4A1B-BF58-559ECDD9A739}"
	ProjectSection(ProjectDependencies) = postProject
		{B36D6721-BD41-4789-81C8-E522F61FFDA5} = {B36D6721-BD41-4789-81C8-E522F61FFDA5}
	EndProjectSection
EndProject
Project("{8BC9CEB8-8B4A-11D0-8D11-00A0C91BC942}") = "AdoptSamples", "Main\AdoptSamples.vcproj", "{32592F53-B538-45DB-BA22-232308DFB094}"
	ProjectSection(ProjectDependencies) = postProject
		{B36D6721-BD41-4789-81C8-E522F61FFDA5} = {B36D6721-BD41-4789-81C8-E522F61FFDA5}
	EndProjectSection
EndProject
Project("{8BC9CEB8-8B4A-11D0-8D11-00A0C91BC942}") = "MakeBlobs", "Main\MakeBlobs.vcproj", "{DA8BCD3E-49D6-4E6D-9357-74A8599B2471}"
	ProjectSection(ProjectDependencies) = postProject
		{B36D6721-BD41-4789-81C8-E522F61FFDA5} = {B36D6721-BD41-4789-81C8-E522F61FFDA5}
	EndProjectSection
EndProject
Global
	GlobalSection(SolutionConfiguration) = preSolution
		Debug = Debug
		Release = Release
	EndGlobalSection
	GlobalSection(ProjectConfiguration) = postSolution
		{B36D6721-BD41-4789-81C8-E522F61FFDA5}.Debug.ActiveCfg = Debug|Win32
		{B36D6721-BD41-4789-81C8-E522F61FFDA5}.Debug.Build.0 = Debug|Win32
		{B36D6721-BD41-4789-81C8-E522F61FFDA5}.Release.ActiveCfg = Release|Win32
		{B36D6721-BD41-4789-81C8-E522F61FFDA5}.Release.Build.0 = Release|Win32
		{06EA0234-6CBE-41E2-A65E-A8E16BB8E162}.Debug.ActiveCfg = Debug|Win32
		{06EA0234-6CBE-41E2-A65E-A8E16BB8E162}.Debug.Build.0 = Debug|Win32
		{06EA0234-6CBE-41E2-A65E-A8E16BB8E162}.Release.ActiveCfg = Release|Win32
		{06EA0234-6CBE-41E2-A65E-A8E16BB8E162}.Release.Build.0 = Release|Win32
		{423C4759-0A3F-45FA-A96B-12BBCC3CD372}.Debug.ActiveCfg = Debug|Win32
		{423C4759-0A3F-45FA-A96B-12BBCC3CD372}.Debug.Build.0 = Debug|Win32
		{423C4759-0A3F-45FA-A96B-12BBCC3CD372}.Release.ActiveCfg = Release|Win32
		{423C4759-0A3F-45FA-A96B-12BBCC3CD372}.Release.Build.0 = Release|Win32
		{5725ADB5-3EFC-4693-9D37-2B9048675269}.Debug.ActiveCfg = Debug|Win32
		{5725ADB5-3EFC-4693-9D37-2B9048675269}.Debug.Build.0 = Debug|Win32
		{5725ADB5-3EFC-4693-9D37-2B9048675269}.Release.ActiveCfg = Release|Win32
		{5725ADB5-3EFC-4693-9D37-2B9048675269}.Release.Build.0 = Release|Win32
		{69083B8F-BDFA-4D57-A7CB-5CF5ACBCE01D}.Debug.ActiveCfg = Debug|Win32
		{69083B8F-BDFA-4D57-A7CB-5CF5ACBCE01D}.Debug.Build.0 = Debug|Win32
		{69083B8F-BDFA-4D57-A7CB-5CF5ACBCE01D}.Release.ActiveCfg = Release|Win32
		{69083B8F-BDFA-4D57-A7CB-5CF5ACBCE01D}.Release.Build.0 = Release|Win32
		{3DA622FF-91BD-427F-A613-A3661484FF70}.Debug.ActiveCfg = Debug|Win32
		{3DA622FF-91BD-427F-A613-A3661484FF70}.Debug.Build.0 = Debug|Win32
		{3DA622FF-91BD-427F-A613-A3661484FF70}.Release.ActiveCfg = Release|Win32
		{3DA622FF-91BD-427F-A613-A3661484FF70}.Release.Build.0 = Release|Win32
		{47AD5715-AD26-45C9-9DAE-F5D03C4D9CF2}.Debug.ActiveCfg = Debug|Win32
		{47AD5715-AD26-45C9-9DAE-F5D03C4D9CF2}.Debug.Build.0 = Debug|Win32
		{47AD5715-AD26-45C9-9DAE-F5D03C4D9CF2}.Release.ActiveCfg = Release|Win32
		{47AD5715-AD26-45C9-9DAE-F5D03C4D9CF2}.Release.Build.0 = Release|Win32
		{AE34E382-B5AC-42BB-9AB3-795D1AD54641}.Debug.ActiveCfg = Debug|Win32
		{AE34E382-B5AC-42BB-9AB3-795D1AD54641}.Debug.Build.0 = Debug|Win32
		{AE34E382-B5AC-42BB-9AB3-795D1AD54641}.Release.ActiveCfg = Release|Win32
		{AE34E382-B5AC-42BB-9AB3-795D1AD54641}.Release.Build.0 = Release|Win32
		{A60A62BF-A1F5-4C49-BD37-E858269621E0}.Debug.ActiveCfg = Debug|Win32
		{A60A62BF-A1F5-4C49-BD37-E858269621E0}.Debug.Build.0 = Debug|Win32
		{A60A62BF-A1F5-4C49-BD37-E858269621E0}.Release.ActiveCfg = Release|Win32
		{A60A62BF-A1F5-4C49-BD37-E858269621E0}.Release.Build.0 = Release|Win32
		{616CB53E-93BC-4577-AF52-D4FC2AE87274}.Debug.ActiveCfg = Debug|Win32
		{616CB53E-93BC-4577-AF52-D4FC2AE87274}.Debug.Build.0 = Debug|Win32
		{616CB53E-93BC-4577-AF52-D4FC2AE87274}.Release.ActiveCfg = Release|Win32
		{616CB53E-93BC-4577-AF52-D4FC2AE87274}.Release.Build.0 = Release|Win32
		{B27988A7-6F7A-4C3E-9860-A8781A095575}.Debug.ActiveCfg = Debug|Win32
		{B27988A7-6F7A-4C3E-9860-A8781A095575}.Debug.Build.0 = Debug|Win32
		{B27988A7-6F7A-4C3E-9860-A8781A095575}.Release.ActiveCfg = Release|Win32
		{B27988A7-6F7A-4C3E-9860-A8781A095575}.Release.Build.0 = Release|Win32
		{38E92668-3620-4E67-B50F-0FA63DE5BAE8}.Debug.ActiveCfg = Debug|Win32
		{38E92668-3620-4E67-B50F-0FA63DE5BAE8}.Debug.Build.0 = Debug|Win32
		{38E92668-3620-4E67-B50F-0FA63DE5BAE8}.Release.ActiveCfg = Release|Win32
		{38E92668-3620-4E67-B50F-0FA63DE5BAE8}.Release.Build.0 = Release|Win32
		{F4092FD8-DF7E-44AA-B311-8A6A1556FBFB}.Debug.ActiveCfg = Debug|Win32
		{F4092FD8-DF7E-44AA-B311-8A6A1556FBFB}.Debug.Build.0 = Debug|Win32
		{F4092FD8-DF7E-44AA-B311-8A6A1556FBFB}.Release.ActiveCfg = Release|Win32
		{F4092FD8-DF7E-44AA-B311-8A6A1556FBFB}.Release.Build.0 = Release|Win32
		{C5EEA164-B1BE-426E-8876-D5BD7EFD916C}.Debug.ActiveCfg = Debug|Win32
		{C5EEA164-B1BE-426E-8876-D5BD7EFD916C}.Debug.Build.0 = Debug|Win32
		{C5EEA164-B1BE-426E-8876-D5BD7EFD916C}.Release.ActiveCfg = Release|Win32
		{C5EEA164-B1BE-426E-8876-D5BD7EFD916C}.Release.Build.0 = Release|Win32
		{E35B6CCB-C806-4658-B5A8-171FDCC4AC13}.Debug.ActiveCfg = Debug|Win32
		{E35B6CCB-C806-4658-B5A8-171FDCC4AC13}.Debug.Build.0 = Debug|Win32
		{E35B6CCB-C806-4658-B5A8-171FDCC4AC13}.Release.ActiveCfg = Release|Win32
		{E35B6CCB-C806-4658-B5A8-171FDCC4AC13}.Release.Build.0 = Release|Win32
		{A2A551EA-54A7-42FC-BCF5-498EA16BE5BA}.Debug.ActiveCfg = Debug|Win32
		{A2A551EA-54A7-42FC-BCF5-498EA16BE5BA}.Debug.Build.0 = Debug|Win32
		{A2A551EA-54A7-42FC-BCF5-498EA16BE5BA}.Release.ActiveCfg = Release|Win32
		{A2A551EA-54A7-42FC-BCF5-498EA16BE5BA}.Release.Build.0 = Release|Win32
		{F53FD0E0-7F2E-40A6-B7F5-3EE22983BBA1}.Debug.ActiveCfg = Debug|Win32
		{F53FD0E0-7F2E-40A6-B7F5-3EE22983BBA1}.Debug.Build.0 = Debug|Win32
		{F53FD0E0-7F2E-40A6-B7F5-3EE22983BBA1}.Release.ActiveCfg = Release|Win32
		{F53FD0E0-7F2E-40A6-B7F5-3EE22983BBA1}.Release.Build.0 = Release|Win32
		{F00FDF4C-E1CF-42AC-8CEE-24DFD2ECD45A}.Debug.ActiveCfg = Debug|Win32
		{F00FDF4C-E1CF-42AC-8CEE-24DFD2ECD45A}.Debug.Build.0 = Debug|Win32
		{F00FDF4C-E1CF-42AC-8CEE-24DFD2ECD45A}.Release.ActiveCfg = Release|Win32
		{F00FDF4C-E1CF-42AC-8CEE-24DFD2ECD45A}.Release.Build.0 = Release|Win32
		{9FE52BB9-FDFE-4653-8C9A-0519006FD9B6}.Debug.ActiveCfg = Debug|Win32
		{9FE52BB9-FDFE-4653-8C9A-0519006FD9B6}.Debug.Build.0 = Debug|Win32
		{9FE52BB9-FDFE-4653-8C9A-0519006FD9B6}.Release.ActiveCfg = Release|Win32
		{9FE52BB9-FDFE-4653-8C9A-0519006FD9B6}.Release.Build.0 = Release|Win32
		{2A6E36BC-FC89-4519-9B02-C5033BA0ACE7}.Debug.ActiveCfg = Debug|Win32
		{2A6E36BC-FC89-4519-9B02-C5033BA0ACE7}.Debug.Build.0 = Debug|Win32
		{2A6E36BC-FC89-4519-9B02-C5033BA0ACE7}.Release.ActiveCfg = Release|Win32
		{2A6E36BC-FC89-4519-9B02-C5033BA0ACE7}.Release.Build.0 = Release|Win32
		{1B763F66-3C3C-4F4C-987A-1CB698DAB603}.Debug.ActiveCfg = Debug|Win32
		{1B763F66-3C3C-4F4C-987A-1CB698DAB603}.Debug.Build.0 = Debug|Win32
		{1B763F66-3C3C-4F4C-987A-1CB698DAB603}.Release.ActiveCfg = Release|Win32
		{1B763F66-3C3C-4F4C-987A-1CB698DAB603}.Release.Build.0 = Release|Win32
		{DBCE1113-3FDC-4DD7-AEE4-13DD781754B1}.Debug.ActiveCfg = Debug|Win32
		{DBCE1113-3FDC-4DD7-AEE4-13DD781754B1}.Debug.Build.0 = Debug|Win32
		{DBCE1113-3FDC-4DD7-AEE4-13DD781754B1}.Release.ActiveCfg = Release|Win32
		{DBCE1113-3FDC-4DD7-AEE4-13DD781754B1}.Release.Build.0 = Release|Win32
		{A9236F08-E9EE-474D-A547-20EEDDEB8C5C}.Debug.ActiveCfg = Debug|Win32
		{A9236F08-E9EE-474D-A547-20EEDDEB8C5C}.Debug.Build.0 = Debug|Win32
		{A9236F08-E9EE-474D-A547-20EEDDEB8C5C}.Release.ActiveCfg = Release|Win32
		{A9236F08-E9EE-474D-A547-20EEDDEB8C5C}.Release.Build.0 = Release|Win32
		{E7BFB77F-35FC-4EF6-87EF-09FC581114A0}.Debug.ActiveCfg = Debug|Win32
		{E7BFB77F-35FC-4EF6-87EF-09FC581114A0}.Debug.Build.0 = Debug|Win32
		{E7BFB77F-35FC-4EF6-87EF-09FC581114A0}.Release.ActiveCfg = Release|Win32
		{E7BFB77F-35FC-4EF6-87EF-09FC581114A0}.Release.Build.0 = Release|Win32
		{6BC7834B-20CC-4E95-9F8D-9D022C5CC310}.Debug.ActiveCfg = Debug|Win32
		{6BC7834B-20CC-4E95-9F8D-9D022C5CC310}.Debug.Build.0 = Debug|Win32
		{6BC7834B-20CC-4E95-9F8D-9D022C5CC310}.Release.ActiveCfg = Release|Win32
		{6BC7834B-20CC-4E95-9F8D-9D022C5CC310}.Release.Build.0 = Release|Win32
		{829FDAB6-DAFC-41BC-BDC1-FEC5867C954D}.Debug.ActiveCfg = Debug|Win32
		{829FDAB6-DAFC-41BC-BDC1-FEC5867C954D}.Debug.Build.0 = Debug|Win32
		{829FDAB6-DAFC-41BC-BDC1-FEC5867C954D}.Release.ActiveCfg = Release|Win32
		{829FDAB6-DAFC-41BC-BDC1-FEC5867C954D}.Release.Build.0 = Release|Win32
		{332E7D3D-E904-4D65-808E-68E3687EE258}.Debug.ActiveCfg = Debug|Win32
		{332E7D3D-E904-4D65-808E-68E3687EE258}.Debug.Build.0 = Debug|Win32
		{332E7D3D-E904-4D65-808E-68E3687EE258}.Release.ActiveCfg = Release|Win32
		{332E7D3D-E904-4D65-808E-68E3687EE258}.Release.Build.0 = Release|Win32
		{21B5BC38-8CD4-4F1B-B2F1-7CAA4F50B999}.Debug.ActiveCfg = Debug|Win32
		{21B5BC38-8CD4-4F1B-B2F1-7CAA4F50B999}.Debug.Build.0 = Debug|Win32
		{21B5BC38-8CD4-4F1B-B2F1-7CAA4F50B999}.Release.ActiveCfg = Release|Win32
		{21B5BC38-8CD4-4F1B-B2F1-7CAA4F50B999}.Release.Build.0 = Release|Win32
		{C54E34A9-11E1-440C-A88B-3E86EF83DD98}.Debug.ActiveCfg = Debug|Win32
		{C54E34A9-11E1-440C-A88B-3E86EF83DD98}.Debug.Build.0 = Debug|Win32
		{C54E34A9-11E1-440C-A88B-3E86EF83DD98}.Release.ActiveCfg = Release|Win32
		{C54E34A9-11E1-440C-A88B-3E86EF83DD98}.Release.Build.0 = Release|Win32
		{C1FAAC82-58EB-431B-8929-4F9ACDC41626}.Debug.ActiveCfg = Debug|Win32
		{C1FAAC82-58EB-431B-8929-4F9ACDC41626}.Debug.Build.0 = Debug|Win32
		{C1FAAC82-58EB-431B-8929-4F9ACDC41626}.Release.ActiveCfg = Release|Win32
		{C1FAAC82-58EB-431B-8929-4F9ACDC41626}.Release.Build.0 = Release|Win32
		{C11A77F0-FE16-4A77-B7AD-C54B3A51C642}.Debug.ActiveCfg = Debug|Win32
		{C11A77F0-FE16-4A77-B7AD-C54B3A51C642}.Debug.Build.0 = Debug|Win32
		{C11A77F0-FE16-4A77-B7AD-C54B3A51C642}.Release.ActiveCfg = Release|Win32
		{C11A77F0-FE16-4A77-B7AD-C54B3A51C642}.Release.Build.0 = Release|Win32
		{7FB0B4F0-7F6B-40E3-9541-4A343F9AE277}.Debug.ActiveCfg = Debug|Win32
		{7FB0B4F0-7F6B-40E3-9541-4A343F9AE277}.Debug.Build.0 = Debug|Win32
		{7FB0B4F0-7F6B-40E3-9541-4A343F9AE277}.Release.ActiveCfg = Release|Win32
		{7FB0B4F0-7F6B-40E3-9541-4A343F9AE277}.Release.Build.0 = Release|Win32
		{AAFD0407-8939-4E4A-8782-96520E6A69DB}.Debug.ActiveCfg = Debug|Win32
		{AAFD0407-8939-4E4A-8782-96520E6A69DB}.Debug.Build.0 = Debug|Win32
		{AAFD0407-8939-4E4A-8782-96520E6A69DB}.Release.ActiveCfg = Release|Win32
		{AAFD0407-8939-4E4A-8782-96520E6A69DB}.Release.Build.0 = Release|Win32
		{DB464233-EF88-47DE-87BA-BB0D7FA686F1}.Debug.ActiveCfg = Debug|Win32
		{DB464233-EF88-47DE-87BA-BB0D7FA686F1}.Debug.Build.0 = Debug|Win32
		{DB464233-EF88-47DE-87BA-BB0D7FA686F1}.Release.ActiveCfg = Release|Win32
		{DB464233-EF88-47DE-87BA-BB0D7FA686F1}.Release.Build.0 = Release|Win32
		{7E3A98D1-0CC2-417D-A801-AA5631FB1758}.Debug.ActiveCfg = Debug|Win32
		{7E3A98D1-0CC2-417D-A801-AA5631FB1758}.Debug.Build.0 = Debug|Win32
		{7E3A98D1-0CC2-417D-A801-AA5631FB1758}.Release.ActiveCfg = Release|Win32
		{7E3A98D1-0CC2-417D-A801-AA5631FB1758}.Release.Build.0 = Release|Win32
		{4E247468-9476-4697-B2DC-AB2A53E58829}.Debug.ActiveCfg = Debug|Win32
		{4E247468-9476-4697-B2DC-AB2A53E58829}.Debug.Build.0 = Debug|Win32
		{4E247468-9476-4697-B2DC-AB2A53E58829}.Release.ActiveCfg = Release|Win32
		{4E247468-9476-4697-B2DC-AB2A53E58829}.Release.Build.0 = Release|Win32
		{955C3D2F-A17E-44CD-9A25-706B5F9F0862}.Debug.ActiveCfg = Debug|Win32
		{955C3D2F-A17E-44CD-9A25-706B5F9F0862}.Debug.Build.0 = Debug|Win32
		{955C3D2F-A17E-44CD-9A25-706B5F9F0862}.Release.ActiveCfg = Release|Win32
		{955C3D2F-A17E-44CD-9A25-706B5F9F0862}.Release.Build.0 = Release|Win32
		{443B271D-C0C8-4482-B6E3-AB288381C636}.Debug.ActiveCfg = Debug|Win32
		{443B271D-C0C8-4482-B6E3-AB288381C636}.Debug.Build.0 = Debug|Win32
		{443B271D-C0C8-4482-B6E3-AB288381C636}.Release.ActiveCfg = Release|Win32
		{443B271D-C0C8-4482-B6E3-AB288381C636}.Release.Build.0 = Release|Win32
		{EDF1A352-DA9A-4094-8A93-CBD68D667D52}.Debug.ActiveCfg = Debug|Win32
		{EDF1A352-DA9A-4094-8A93-CBD68D667D52}.Debug.Build.0 = Debug|Win32
		{EDF1A352-DA9A-4094-8A93-CBD68D667D52}.Release.ActiveCfg = Release|Win32
		{EDF1A352-DA9A-4094-8A93-CBD68D667D52}.Release.Build.0 = Release|Win32
		{979E922D-A8E6-4FA3-9275-0C7621E64089}.Debug.ActiveCfg = Debug|Win32
		{979E922D-A8E6-4FA3-9275-0C7621E64089}.Debug.Build.0 = Debug|Win32
		{979E922D-A8E6-4FA3-9275-0C7621E64089}.Release.ActiveCfg = Release|Win32
		{979E922D-A8E6-4FA3-9275-0C7621E64089}.Release.Build.0 = Release|Win32
		{7BDED6BB-75C0-40B6-818B-8265484E5477}.Debug.ActiveCfg = Debug|Win32
		{7BDED6BB-75C0-40B6-818B-8265484E5477}.Debug.Build.0 = Debug|Win32
		{7BDED6BB-75C0-40B6-818B-8265484E5477}.Release.ActiveCfg = Release|Win32
		{7BDED6BB-75C0-40B6-818B-8265484E5477}.Release.Build.0 = Release|Win32
		{39C5E1A0-ECB4-45C8-BC03-A094497ED158}.Debug.ActiveCfg = Debug|Win32
		{39C5E1A0-ECB4-45C8-BC03-A094497ED158}.Debug.Build.0 = Debug|Win32
		{39C5E1A0-ECB4-45C8-BC03-A094497ED158}.Release.ActiveCfg = Release|Win32
		{39C5E1A0-ECB4-45C8-BC03-A094497ED158}.Release.Build.0 = Release|Win32
		{50A68F04-5656-44BA-AE9D-E484200F5260}.Debug.ActiveCfg = Debug|Win32
		{50A68F04-5656-44BA-AE9D-E484200F5260}.Debug.Build.0 = Debug|Win32
		{50A68F04-5656-44BA-AE9D-E484200F5260}.Release.ActiveCfg = Release|Win32
		{50A68F04-5656-44BA-AE9D-E484200F5260}.Release.Build.0 = Release|Win32
		{892438EE-56DC-40AF-A526-9093AB3BD956}.Debug.ActiveCfg = Debug|Win32
		{892438EE-56DC-40AF-A526-9093AB3BD956}.Debug.Build.0 = Debug|Win32
		{892438EE-56DC-40AF-A526-9093AB3BD956}.Release.ActiveCfg = Release|Win32
		{892438EE-56DC-40AF-A526-9093AB3BD956}.Release.Build.0 = Release|Win32
		{94E241F4-09D5-43C5-A32F-E2AF2C896E86}.Debug.ActiveCfg = Debug|Win32
		{94E241F4-09D5-43C5-A32F-E2AF2C896E86}.Debug.Build.0 = Debug|Win32
		{94E241F4-09D5-43C5-A32F-E2AF2C896E86}.Release.ActiveCfg = Release|Win32
		{94E241F4-09D5-43C5-A32F-E2AF2C896E86}.Release.Build.0 = Release|Win32
		{1F8E344D-4DEC-4133-9609-76466383CC34}.Debug.ActiveCfg = Debug|Win32
		{1F8E344D-4DEC-4133-9609-76466383CC34}.Debug.Build.0 = Debug|Win32
		{1F8E344D-4DEC-4133-9609-76466383CC34}.Release.ActiveCfg = Release|Win32
		{1F8E344D-4DEC-4133-9609-76466383CC34}.Release.Build.0 = Release|Win32
		{B5815918-241C-4A1B-BF58-559ECDD9A739}.Debug.ActiveCfg = Debug|Win32
		{B5815918-241C-4A1B-BF58-559ECDD9A739}.Debug.Build.0 = Debug|Win32
		{B5815918-241C-4A1B-BF58-559ECDD9A739}.Release.ActiveCfg = Release|Win32
		{B5815918-241C-4A1B-BF58-559ECDD9A739}.Release.Build.0 = Release|Win32
		{32592F53-B538-45DB-BA22-232308DFB094}.Debug.ActiveCfg = Debug|Win32
		{32592F53-B538-45DB-BA22-232308DFB094}.Debug.Build.0 = Debug|Win32
		{32592F53-B538-45DB-BA22-232308DFB094}.Release.ActiveCfg = Release|Win32
		{32592F53-B538-45DB-BA22-232308DFB094}.Release.Build.0 = Release|Win32
		{DA8BCD3E-49D6-4E6D-9357-74A8599B2471}.Debug.ActiveCfg = Debug|Win32
		{DA8BCD3E-49D6-4E6D-9357-74A8599B2471}.Debug.Build.0 = Debug|Win32
		{DA8BCD3E-49D6-4E6D-9357-74A8599B2471}.Release.ActiveCfg = Release|Win32
		{DA8BCD3E-49D6-4E6D-9357-74A8599B2471}.Release.Build.0 = Release|Win32
	EndGlobalSection
	GlobalSection(ExtensibilityGlobals) = postSolution
	EndGlobalSection
	GlobalSection(ExtensibilityAddIns) = postSolution
	EndGlobalSection
EndGlobal
