Microsoft Visual Studio Solution File, Format Version 8.00
Project("{8BC9CEB8-8B4A-11D0-8D11-00A0C91BC942}") = "Library", "Library\Library.vcproj", "{B36D6721-BD41-4789-81C8-E522F61FFDA5}"
	ProjectSection(ProjectDependencies) = postProject
	EndProjectSection
EndProject
Project("{8BC9CEB8-8B4A-11D0-8D11-00A0C91BC942}") = "BlueNoise", "Main\BlueNoise.vcproj", "{39C5DEAF-1A99-4FB6-9F90-F5E4A5B037B3}"
	ProjectSection(ProjectDependencies) = postProject
		{B36D6721-BD41-4789-81C8-E522F61FFDA5} = {B36D6721-BD41-4789-81C8-E522F61FFDA5}
	EndProjectSection
EndProject
Project("{8BC9CEB8-8B4A-11D0-8D11-00A0C91BC942}") = "DrawSamples", "Main\DrawSamples.vcproj", "{39C5DEAF-1A99-4FB6-9F90-F5E4A5B037B3}"
	ProjectSection(ProjectDependencies) = postProject
		{B36D6721-BD41-4789-81C8-E522F61FFDA5} = {B36D6721-BD41-4789-81C8-E522F61FFDA5}
	EndProjectSection
EndProject
Project("{8BC9CEB8-8B4A-11D0-8D11-00A0C91BC942}") = "PoissonSignedDistance", "Main\PoissonSignedDistance.vcproj", "{39C5DEAF-1A99-4FB6-9F90-F5E4A5B037B3}"
	ProjectSection(ProjectDependencies) = postProject
		{B36D6721-BD41-4789-81C8-E522F61FFDA5} = {B36D6721-BD41-4789-81C8-E522F61FFDA5}
	EndProjectSection
EndProject
Project("{8BC9CEB8-8B4A-11D0-8D11-00A0C91BC942}") = "DFT", "Main\DFT.vcproj", "{39C5DEAF-1A99-4FB6-9F90-F5E4A5B037B3}"
	ProjectSection(ProjectDependencies) = postProject
		{B36D6721-BD41-4789-81C8-E522F61FFDA5} = {B36D6721-BD41-4789-81C8-E522F61FFDA5}
	EndProjectSection
EndProject
Project("{8BC9CEB8-8B4A-11D0-8D11-00A0C91BC942}") = "DownSampleDFTPeak", "Main\DownSampleDFTPeak.vcproj", "{39C5DEAF-1A99-4FB6-9F90-F5E4A5B037B3}"
	ProjectSection(ProjectDependencies) = postProject
		{B36D6721-BD41-4789-81C8-E522F61FFDA5} = {B36D6721-BD41-4789-81C8-E522F61FFDA5}
	EndProjectSection
EndProject
Project("{8BC9CEB8-8B4A-11D0-8D11-00A0C91BC942}") = "RadialPlot", "Main\RadialPlot.vcproj", "{39C5DEAF-1A99-4FB6-9F90-F5E4A5B037B3}"
	ProjectSection(ProjectDependencies) = postProject
		{B36D6721-BD41-4789-81C8-E522F61FFDA5} = {B36D6721-BD41-4789-81C8-E522F61FFDA5}
	EndProjectSection
EndProject
Project("{8BC9CEB8-8B4A-11D0-8D11-00A0C91BC942}") = "PoissonNDim", "Main\PoissonNDim.vcproj", "{39C5DEAF-1A99-4FB6-9F90-F5E4A5B037B3}"
	ProjectSection(ProjectDependencies) = postProject
		{B36D6721-BD41-4789-81C8-E522F61FFDA5} = {B36D6721-BD41-4789-81C8-E522F61FFDA5}
	EndProjectSection
EndProject
Project("{8BC9CEB8-8B4A-11D0-8D11-00A0C91BC942}") = "SFT", "Main\SFT.vcproj", "{39C5DEAF-1A99-4FB6-9F90-F5E4A5B037B3}"
	ProjectSection(ProjectDependencies) = postProject
		{B36D6721-BD41-4789-81C8-E522F61FFDA5} = {B36D6721-BD41-4789-81C8-E522F61FFDA5}
	EndProjectSection
EndProject
Project("{8BC9CEB8-8B4A-11D0-8D11-00A0C91BC942}") = "PFM2PPM", "Main\PFM2PPM.vcproj", "{39C5DEAF-1A99-4FB6-9F90-F5E4A5B037B3}"
	ProjectSection(ProjectDependencies) = postProject
		{B36D6721-BD41-4789-81C8-E522F61FFDA5} = {B36D6721-BD41-4789-81C8-E522F61FFDA5}
	EndProjectSection
EndProject
Project("{8BC9CEB8-8B4A-11D0-8D11-00A0C91BC942}") = "ParallelPhase", "Main\ParallelPhase.vcproj", "{39C5DEAF-1A99-4FB6-9F90-F5E4A5B037B3}"
	ProjectSection(ProjectDependencies) = postProject
		{B36D6721-BD41-4789-81C8-E522F61FFDA5} = {B36D6721-BD41-4789-81C8-E522F61FFDA5}
	EndProjectSection
EndProject
Project("{8BC9CEB8-8B4A-11D0-8D11-00A0C91BC942}") = "AdaptiveNDim", "Main\AdaptiveNDim.vcproj", "{39C5DEAF-1A99-4FB6-9F90-F5E4A5B037B3}"
	ProjectSection(ProjectDependencies) = postProject
		{B36D6721-BD41-4789-81C8-E522F61FFDA5} = {B36D6721-BD41-4789-81C8-E522F61FFDA5}
	EndProjectSection
EndProject
Project("{8BC9CEB8-8B4A-11D0-8D11-00A0C91BC942}") = "UniformNDim", "Main\UniformNDim.vcproj", "{39C5DEAF-1A99-4FB6-9F90-F5E4A5B037B3}"
	ProjectSection(ProjectDependencies) = postProject
		{B36D6721-BD41-4789-81C8-E522F61FFDA5} = {B36D6721-BD41-4789-81C8-E522F61FFDA5}
	EndProjectSection
EndProject
Project("{8BC9CEB8-8B4A-11D0-8D11-00A0C91BC942}") = "PPM2PFM", "Main\PPM2PFM.vcproj", "{39C5DEAF-1A99-4FB6-9F90-F5E4A5B037B3}"
	ProjectSection(ProjectDependencies) = postProject
		{B36D6721-BD41-4789-81C8-E522F61FFDA5} = {B36D6721-BD41-4789-81C8-E522F61FFDA5}
	EndProjectSection
EndProject
Project("{8BC9CEB8-8B4A-11D0-8D11-00A0C91BC942}") = "OnionLayer", "Main\OnionLayer.vcproj", "{39C5DEAF-1A99-4FB6-9F90-F5E4A5B037B3}"
	ProjectSection(ProjectDependencies) = postProject
		{B36D6721-BD41-4789-81C8-E522F61FFDA5} = {B36D6721-BD41-4789-81C8-E522F61FFDA5}
	EndProjectSection
EndProject
Project("{8BC9CEB8-8B4A-11D0-8D11-00A0C91BC942}") = "Blur", "GPU\Blur.vcproj", "{F50473AF-FD24-40C0-BDC5-A682D487290D}"
	ProjectSection(ProjectDependencies) = postProject
		{B36D6721-BD41-4789-81C8-E522F61FFDA5} = {B36D6721-BD41-4789-81C8-E522F61FFDA5}
	EndProjectSection
EndProject
Project("{8BC9CEB8-8B4A-11D0-8D11-00A0C91BC942}") = "PoissonGPU", "GPU\PoissonGPU.vcproj", "{F50473AF-FD24-40C0-BDC5-A682D487290D}"
	ProjectSection(ProjectDependencies) = postProject
		{B36D6721-BD41-4789-81C8-E522F61FFDA5} = {B36D6721-BD41-4789-81C8-E522F61FFDA5}
	EndProjectSection
EndProject
Project("{8BC9CEB8-8B4A-11D0-8D11-00A0C91BC942}") = "Math", "Main\Math.vcproj", "{39C5DEAF-1A99-4FB6-9F90-F5E4A5B037B3}"
	ProjectSection(ProjectDependencies) = postProject
		{B36D6721-BD41-4789-81C8-E522F61FFDA5} = {B36D6721-BD41-4789-81C8-E522F61FFDA5}
	EndProjectSection
EndProject
Project("{8BC9CEB8-8B4A-11D0-8D11-00A0C91BC942}") = "Draw3DSamples", "GPU\Draw3DSamples.vcproj", "{F50473AF-FD24-40C0-BDC5-A682D487290D}"
	ProjectSection(ProjectDependencies) = postProject
		{B36D6721-BD41-4789-81C8-E522F61FFDA5} = {B36D6721-BD41-4789-81C8-E522F61FFDA5}
	EndProjectSection
EndProject
Project("{8BC9CEB8-8B4A-11D0-8D11-00A0C91BC942}") = "FlyingZonePlate", "Main\FlyingZonePlate.vcproj", "{39C5DEAF-1A99-4FB6-9F90-F5E4A5B037B3}"
	ProjectSection(ProjectDependencies) = postProject
		{B36D6721-BD41-4789-81C8-E522F61FFDA5} = {B36D6721-BD41-4789-81C8-E522F61FFDA5}
	EndProjectSection
EndProject
Project("{8BC9CEB8-8B4A-11D0-8D11-00A0C91BC942}") = "DrawPixels", "Main\DrawPixels.vcproj", "{39C5DEAF-1A99-4FB6-9F90-F5E4A5B037B3}"
	ProjectSection(ProjectDependencies) = postProject
		{B36D6721-BD41-4789-81C8-E522F61FFDA5} = {B36D6721-BD41-4789-81C8-E522F61FFDA5}
	EndProjectSection
EndProject
Project("{8BC9CEB8-8B4A-11D0-8D11-00A0C91BC942}") = "AdaptiveGPU", "GPU\AdaptiveGPU.vcproj", "{F50473AF-FD24-40C0-BDC5-A682D487290D}"
	ProjectSection(ProjectDependencies) = postProject
		{B36D6721-BD41-4789-81C8-E522F61FFDA5} = {B36D6721-BD41-4789-81C8-E522F61FFDA5}
	EndProjectSection
EndProject
Project("{8BC9CEB8-8B4A-11D0-8D11-00A0C91BC942}") = "PolyominoRelaxation", "Main\PolyominoRelaxation.vcproj", "{39C5DEAF-1A99-4FB6-9F90-F5E4A5B037B3}"
	ProjectSection(ProjectDependencies) = postProject
		{B36D6721-BD41-4789-81C8-E522F61FFDA5} = {B36D6721-BD41-4789-81C8-E522F61FFDA5}
		{B36D6721-BD41-4789-81C8-E522F61FFDA5} = {B36D6721-BD41-4789-81C8-E522F61FFDA5}
		{53DCE442-28DC-44D6-AE0C-171500BE5258} = {53DCE442-28DC-44D6-AE0C-171500BE5258}
		{A9D414A6-3080-4A01-B9EE-C582E18A2505} = {A9D414A6-3080-4A01-B9EE-C582E18A2505}
	EndProjectSection
EndProject
Project("{8BC9CEB8-8B4A-11D0-8D11-00A0C91BC942}") = "DancingLinks", "Main\DancingLinks.vcproj", "{39C5DEAF-1A99-4FB6-9F90-F5E4A5B037B3}"
	ProjectSection(ProjectDependencies) = postProject
		{B36D6721-BD41-4789-81C8-E522F61FFDA5} = {B36D6721-BD41-4789-81C8-E522F61FFDA5}
		{53DCE442-28DC-44D6-AE0C-171500BE5258} = {53DCE442-28DC-44D6-AE0C-171500BE5258}
	EndProjectSection
EndProject
Project("{8BC9CEB8-8B4A-11D0-8D11-00A0C91BC942}") = "PolyominoTiling", "Main\PolyominoTiling.vcproj", "{39C5DEAF-1A99-4FB6-9F90-F5E4A5B037B3}"
	ProjectSection(ProjectDependencies) = postProject
		{B36D6721-BD41-4789-81C8-E522F61FFDA5} = {B36D6721-BD41-4789-81C8-E522F61FFDA5}
		{B36D6721-BD41-4789-81C8-E522F61FFDA5} = {B36D6721-BD41-4789-81C8-E522F61FFDA5}
		{53DCE442-28DC-44D6-AE0C-171500BE5258} = {53DCE442-28DC-44D6-AE0C-171500BE5258}
	EndProjectSection
EndProject
Project("{8BC9CEB8-8B4A-11D0-8D11-00A0C91BC942}") = "Polyomino", "Polyomino\Polyomino.vcproj", "{53DCE442-28DC-44D6-AE0C-171500BE5258}"
	ProjectSection(ProjectDependencies) = postProject
	EndProjectSection
EndProject
Project("{8BC9CEB8-8B4A-11D0-8D11-00A0C91BC942}") = "Delaunay", "Delaunay\Delaunay.vcproj", "{A9D414A6-3080-4A01-B9EE-C582E18A2505}"
	ProjectSection(ProjectDependencies) = postProject
	EndProjectSection
EndProject
Project("{8BC9CEB8-8B4A-11D0-8D11-00A0C91BC942}") = "DelaunayTest", "Main\DelaunayTest.vcproj", "{062BCDB4-C200-4786-889C-8F85F30F300E}"
	ProjectSection(ProjectDependencies) = postProject
		{B36D6721-BD41-4789-81C8-E522F61FFDA5} = {B36D6721-BD41-4789-81C8-E522F61FFDA5}
		{A9D414A6-3080-4A01-B9EE-C582E18A2505} = {A9D414A6-3080-4A01-B9EE-C582E18A2505}
	EndProjectSection
EndProject
Project("{8BC9CEB8-8B4A-11D0-8D11-00A0C91BC942}") = "LloydRelaxationRandom", "Main\LloydRelaxationRandom.vcproj", "{BC5BCDEB-3E5C-41DE-AEC0-78EF4203F44C}"
	ProjectSection(ProjectDependencies) = postProject
		{B36D6721-BD41-4789-81C8-E522F61FFDA5} = {B36D6721-BD41-4789-81C8-E522F61FFDA5}
		{A9D414A6-3080-4A01-B9EE-C582E18A2505} = {A9D414A6-3080-4A01-B9EE-C582E18A2505}
	EndProjectSection
EndProject
Project("{8BC9CEB8-8B4A-11D0-8D11-00A0C91BC942}") = "LloydRelaxationVis", "GPU\LloydRelaxationVis.vcproj", "{8E85C7F3-3DE8-4ADA-BD98-E62E8FF284B3}"
	ProjectSection(ProjectDependencies) = postProject
		{B36D6721-BD41-4789-81C8-E522F61FFDA5} = {B36D6721-BD41-4789-81C8-E522F61FFDA5}
		{A9D414A6-3080-4A01-B9EE-C582E18A2505} = {A9D414A6-3080-4A01-B9EE-C582E18A2505}
	EndProjectSection
EndProject
Project("{8BC9CEB8-8B4A-11D0-8D11-00A0C91BC942}") = "ToroidalHack", "Main\ToroidalHack.vcproj", "{DD218F7F-004E-419A-B6C2-AC9A356FF4C0}"
	ProjectSection(ProjectDependencies) = postProject
		{B36D6721-BD41-4789-81C8-E522F61FFDA5} = {B36D6721-BD41-4789-81C8-E522F61FFDA5}
	EndProjectSection
EndProject
Project("{8BC9CEB8-8B4A-11D0-8D11-00A0C91BC942}") = "SynthesisOrder", "Main\SynthesisOrder.vcproj", "{AD4DB18C-7DC4-4E12-9014-31DE5613B7DC}"
	ProjectSection(ProjectDependencies) = postProject
		{B36D6721-BD41-4789-81C8-E522F61FFDA5} = {B36D6721-BD41-4789-81C8-E522F61FFDA5}
	EndProjectSection
EndProject
Project("{8BC9CEB8-8B4A-11D0-8D11-00A0C91BC942}") = "SFTGPU", "GPU\SFTGPU.vcproj", "{F8700A56-B814-403A-8DEC-16B4DAE14532}"
	ProjectSection(ProjectDependencies) = postProject
		{B36D6721-BD41-4789-81C8-E522F61FFDA5} = {B36D6721-BD41-4789-81C8-E522F61FFDA5}
	EndProjectSection
EndProject
Project("{8BC9CEB8-8B4A-11D0-8D11-00A0C91BC942}") = "BlueGPU", "GPU\BlueGPU.vcproj", "{F044DD71-B61D-4FBA-B4FD-B83FD37A1092}"
	ProjectSection(ProjectDependencies) = postProject
		{B36D6721-BD41-4789-81C8-E522F61FFDA5} = {B36D6721-BD41-4789-81C8-E522F61FFDA5}
	EndProjectSection
EndProject
Project("{8BC9CEB8-8B4A-11D0-8D11-00A0C91BC942}") = "SelectSamples", "Main\SelectSamples.vcproj", "{91B008F4-637E-4DB1-9150-5D13D839730A}"
	ProjectSection(ProjectDependencies) = postProject
		{B36D6721-BD41-4789-81C8-E522F61FFDA5} = {B36D6721-BD41-4789-81C8-E522F61FFDA5}
	EndProjectSection
EndProject
Project("{8BC9CEB8-8B4A-11D0-8D11-00A0C91BC942}") = "PhaseGroupVisualization", "Main\PhaseGroupVisualization.vcproj", "{DF30A9A3-8496-4F68-A865-A1D45B3077D6}"
	ProjectSection(ProjectDependencies) = postProject
		{B36D6721-BD41-4789-81C8-E522F61FFDA5} = {B36D6721-BD41-4789-81C8-E522F61FFDA5}
	EndProjectSection
EndProject
Project("{8BC9CEB8-8B4A-11D0-8D11-00A0C91BC942}") = "CheckSamples", "Main\CheckSamples.vcproj", "{6D04A425-5B92-487B-B2A6-3B514F123E56}"
	ProjectSection(ProjectDependencies) = postProject
		{B36D6721-BD41-4789-81C8-E522F61FFDA5} = {B36D6721-BD41-4789-81C8-E522F61FFDA5}
	EndProjectSection
EndProject
Project("{8BC9CEB8-8B4A-11D0-8D11-00A0C91BC942}") = "DartThrowing", "Main\DartThrowing.vcproj", "{73FE74E9-CCEC-4B90-83B7-C2FF1386C703}"
	ProjectSection(ProjectDependencies) = postProject
		{B36D6721-BD41-4789-81C8-E522F61FFDA5} = {B36D6721-BD41-4789-81C8-E522F61FFDA5}
	EndProjectSection
EndProject
Project("{8BC9CEB8-8B4A-11D0-8D11-00A0C91BC942}") = "MD5", "GPU\MD5.vcproj", "{621EBE00-6C74-403E-8FEB-AFA6D23AD04C}"
	ProjectSection(ProjectDependencies) = postProject
		{B36D6721-BD41-4789-81C8-E522F61FFDA5} = {B36D6721-BD41-4789-81C8-E522F61FFDA5}
	EndProjectSection
EndProject
Project("{8BC9CEB8-8B4A-11D0-8D11-00A0C91BC942}") = "RandomDart", "Main\RandomDart.vcproj", "{F3582C0D-81F1-4D8B-BE3A-D8FF2AC56BEA}"
	ProjectSection(ProjectDependencies) = postProject
		{B36D6721-BD41-4789-81C8-E522F61FFDA5} = {B36D6721-BD41-4789-81C8-E522F61FFDA5}
	EndProjectSection
EndProject
Project("{8BC9CEB8-8B4A-11D0-8D11-00A0C91BC942}") = "Square", "Main\Square.vcproj", "{3314678D-C084-461C-9038-F182A12072E7}"
	ProjectSection(ProjectDependencies) = postProject
		{B36D6721-BD41-4789-81C8-E522F61FFDA5} = {B36D6721-BD41-4789-81C8-E522F61FFDA5}
	EndProjectSection
EndProject
Global
	GlobalSection(SolutionConfiguration) = preSolution
		Debug = Debug
		Release = Release
	EndGlobalSection
	GlobalSection(ProjectConfiguration) = postSolution
		{B36D6721-BD41-4789-81C8-E522F61FFDA5}.Debug.ActiveCfg = Debug|Win32
		{B36D6721-BD41-4789-81C8-E522F61FFDA5}.Debug.Build.0 = Debug|Win32
		{B36D6721-BD41-4789-81C8-E522F61FFDA5}.Release.ActiveCfg = Release|Win32
		{B36D6721-BD41-4789-81C8-E522F61FFDA5}.Release.Build.0 = Release|Win32
		{39C5DEAF-1A99-4FB6-9F90-F5E4A5B037B3}.Debug.ActiveCfg = Debug|Win32
		{39C5DEAF-1A99-4FB6-9F90-F5E4A5B037B3}.Debug.Build.0 = Debug|Win32
		{39C5DEAF-1A99-4FB6-9F90-F5E4A5B037B3}.Release.ActiveCfg = Release|Win32
		{39C5DEAF-1A99-4FB6-9F90-F5E4A5B037B3}.Release.Build.0 = Release|Win32
		{39C5DEAF-1A99-4FB6-9F90-F5E4A5B037B3}.Debug.ActiveCfg = Debug|Win32
		{39C5DEAF-1A99-4FB6-9F90-F5E4A5B037B3}.Debug.Build.0 = Debug|Win32
		{39C5DEAF-1A99-4FB6-9F90-F5E4A5B037B3}.Release.ActiveCfg = Release|Win32
		{39C5DEAF-1A99-4FB6-9F90-F5E4A5B037B3}.Release.Build.0 = Release|Win32
		{39C5DEAF-1A99-4FB6-9F90-F5E4A5B037B3}.Debug.ActiveCfg = Debug|Win32
		{39C5DEAF-1A99-4FB6-9F90-F5E4A5B037B3}.Debug.Build.0 = Debug|Win32
		{39C5DEAF-1A99-4FB6-9F90-F5E4A5B037B3}.Release.ActiveCfg = Release|Win32
		{39C5DEAF-1A99-4FB6-9F90-F5E4A5B037B3}.Release.Build.0 = Release|Win32
		{39C5DEAF-1A99-4FB6-9F90-F5E4A5B037B3}.Debug.ActiveCfg = Debug|Win32
		{39C5DEAF-1A99-4FB6-9F90-F5E4A5B037B3}.Debug.Build.0 = Debug|Win32
		{39C5DEAF-1A99-4FB6-9F90-F5E4A5B037B3}.Release.ActiveCfg = Release|Win32
		{39C5DEAF-1A99-4FB6-9F90-F5E4A5B037B3}.Release.Build.0 = Release|Win32
		{39C5DEAF-1A99-4FB6-9F90-F5E4A5B037B3}.Debug.ActiveCfg = Debug|Win32
		{39C5DEAF-1A99-4FB6-9F90-F5E4A5B037B3}.Debug.Build.0 = Debug|Win32
		{39C5DEAF-1A99-4FB6-9F90-F5E4A5B037B3}.Release.ActiveCfg = Release|Win32
		{39C5DEAF-1A99-4FB6-9F90-F5E4A5B037B3}.Release.Build.0 = Release|Win32
		{39C5DEAF-1A99-4FB6-9F90-F5E4A5B037B3}.Debug.ActiveCfg = Debug|Win32
		{39C5DEAF-1A99-4FB6-9F90-F5E4A5B037B3}.Debug.Build.0 = Debug|Win32
		{39C5DEAF-1A99-4FB6-9F90-F5E4A5B037B3}.Release.ActiveCfg = Release|Win32
		{39C5DEAF-1A99-4FB6-9F90-F5E4A5B037B3}.Release.Build.0 = Release|Win32
		{39C5DEAF-1A99-4FB6-9F90-F5E4A5B037B3}.Debug.ActiveCfg = Debug|Win32
		{39C5DEAF-1A99-4FB6-9F90-F5E4A5B037B3}.Debug.Build.0 = Debug|Win32
		{39C5DEAF-1A99-4FB6-9F90-F5E4A5B037B3}.Release.ActiveCfg = Release|Win32
		{39C5DEAF-1A99-4FB6-9F90-F5E4A5B037B3}.Release.Build.0 = Release|Win32
		{39C5DEAF-1A99-4FB6-9F90-F5E4A5B037B3}.Debug.ActiveCfg = Debug|Win32
		{39C5DEAF-1A99-4FB6-9F90-F5E4A5B037B3}.Debug.Build.0 = Debug|Win32
		{39C5DEAF-1A99-4FB6-9F90-F5E4A5B037B3}.Release.ActiveCfg = Release|Win32
		{39C5DEAF-1A99-4FB6-9F90-F5E4A5B037B3}.Release.Build.0 = Release|Win32
		{39C5DEAF-1A99-4FB6-9F90-F5E4A5B037B3}.Debug.ActiveCfg = Debug|Win32
		{39C5DEAF-1A99-4FB6-9F90-F5E4A5B037B3}.Debug.Build.0 = Debug|Win32
		{39C5DEAF-1A99-4FB6-9F90-F5E4A5B037B3}.Release.ActiveCfg = Release|Win32
		{39C5DEAF-1A99-4FB6-9F90-F5E4A5B037B3}.Release.Build.0 = Release|Win32
		{39C5DEAF-1A99-4FB6-9F90-F5E4A5B037B3}.Debug.ActiveCfg = Debug|Win32
		{39C5DEAF-1A99-4FB6-9F90-F5E4A5B037B3}.Debug.Build.0 = Debug|Win32
		{39C5DEAF-1A99-4FB6-9F90-F5E4A5B037B3}.Release.ActiveCfg = Release|Win32
		{39C5DEAF-1A99-4FB6-9F90-F5E4A5B037B3}.Release.Build.0 = Release|Win32
		{39C5DEAF-1A99-4FB6-9F90-F5E4A5B037B3}.Debug.ActiveCfg = Debug|Win32
		{39C5DEAF-1A99-4FB6-9F90-F5E4A5B037B3}.Debug.Build.0 = Debug|Win32
		{39C5DEAF-1A99-4FB6-9F90-F5E4A5B037B3}.Release.ActiveCfg = Release|Win32
		{39C5DEAF-1A99-4FB6-9F90-F5E4A5B037B3}.Release.Build.0 = Release|Win32
		{39C5DEAF-1A99-4FB6-9F90-F5E4A5B037B3}.Debug.ActiveCfg = Debug|Win32
		{39C5DEAF-1A99-4FB6-9F90-F5E4A5B037B3}.Debug.Build.0 = Debug|Win32
		{39C5DEAF-1A99-4FB6-9F90-F5E4A5B037B3}.Release.ActiveCfg = Release|Win32
		{39C5DEAF-1A99-4FB6-9F90-F5E4A5B037B3}.Release.Build.0 = Release|Win32
		{39C5DEAF-1A99-4FB6-9F90-F5E4A5B037B3}.Debug.ActiveCfg = Debug|Win32
		{39C5DEAF-1A99-4FB6-9F90-F5E4A5B037B3}.Debug.Build.0 = Debug|Win32
		{39C5DEAF-1A99-4FB6-9F90-F5E4A5B037B3}.Release.ActiveCfg = Release|Win32
		{39C5DEAF-1A99-4FB6-9F90-F5E4A5B037B3}.Release.Build.0 = Release|Win32
		{39C5DEAF-1A99-4FB6-9F90-F5E4A5B037B3}.Debug.ActiveCfg = Debug|Win32
		{39C5DEAF-1A99-4FB6-9F90-F5E4A5B037B3}.Debug.Build.0 = Debug|Win32
		{39C5DEAF-1A99-4FB6-9F90-F5E4A5B037B3}.Release.ActiveCfg = Release|Win32
		{39C5DEAF-1A99-4FB6-9F90-F5E4A5B037B3}.Release.Build.0 = Release|Win32
		{F50473AF-FD24-40C0-BDC5-A682D487290D}.Debug.ActiveCfg = Debug|Win32
		{F50473AF-FD24-40C0-BDC5-A682D487290D}.Debug.Build.0 = Debug|Win32
		{F50473AF-FD24-40C0-BDC5-A682D487290D}.Release.ActiveCfg = Release|Win32
		{F50473AF-FD24-40C0-BDC5-A682D487290D}.Release.Build.0 = Release|Win32
		{F50473AF-FD24-40C0-BDC5-A682D487290D}.Debug.ActiveCfg = Debug|Win32
		{F50473AF-FD24-40C0-BDC5-A682D487290D}.Debug.Build.0 = Debug|Win32
		{F50473AF-FD24-40C0-BDC5-A682D487290D}.Release.ActiveCfg = Release|Win32
		{F50473AF-FD24-40C0-BDC5-A682D487290D}.Release.Build.0 = Release|Win32
		{39C5DEAF-1A99-4FB6-9F90-F5E4A5B037B3}.Debug.ActiveCfg = Debug|Win32
		{39C5DEAF-1A99-4FB6-9F90-F5E4A5B037B3}.Debug.Build.0 = Debug|Win32
		{39C5DEAF-1A99-4FB6-9F90-F5E4A5B037B3}.Release.ActiveCfg = Release|Win32
		{39C5DEAF-1A99-4FB6-9F90-F5E4A5B037B3}.Release.Build.0 = Release|Win32
		{F50473AF-FD24-40C0-BDC5-A682D487290D}.Debug.ActiveCfg = Debug|Win32
		{F50473AF-FD24-40C0-BDC5-A682D487290D}.Debug.Build.0 = Debug|Win32
		{F50473AF-FD24-40C0-BDC5-A682D487290D}.Release.ActiveCfg = Release|Win32
		{F50473AF-FD24-40C0-BDC5-A682D487290D}.Release.Build.0 = Release|Win32
		{39C5DEAF-1A99-4FB6-9F90-F5E4A5B037B3}.Debug.ActiveCfg = Debug|Win32
		{39C5DEAF-1A99-4FB6-9F90-F5E4A5B037B3}.Debug.Build.0 = Debug|Win32
		{39C5DEAF-1A99-4FB6-9F90-F5E4A5B037B3}.Release.ActiveCfg = Release|Win32
		{39C5DEAF-1A99-4FB6-9F90-F5E4A5B037B3}.Release.Build.0 = Release|Win32
		{39C5DEAF-1A99-4FB6-9F90-F5E4A5B037B3}.Debug.ActiveCfg = Debug|Win32
		{39C5DEAF-1A99-4FB6-9F90-F5E4A5B037B3}.Debug.Build.0 = Debug|Win32
		{39C5DEAF-1A99-4FB6-9F90-F5E4A5B037B3}.Release.ActiveCfg = Release|Win32
		{39C5DEAF-1A99-4FB6-9F90-F5E4A5B037B3}.Release.Build.0 = Release|Win32
		{F50473AF-FD24-40C0-BDC5-A682D487290D}.Debug.ActiveCfg = Debug|Win32
		{F50473AF-FD24-40C0-BDC5-A682D487290D}.Debug.Build.0 = Debug|Win32
		{F50473AF-FD24-40C0-BDC5-A682D487290D}.Release.ActiveCfg = Release|Win32
		{F50473AF-FD24-40C0-BDC5-A682D487290D}.Release.Build.0 = Release|Win32
		{39C5DEAF-1A99-4FB6-9F90-F5E4A5B037B3}.Debug.ActiveCfg = Debug|Win32
		{39C5DEAF-1A99-4FB6-9F90-F5E4A5B037B3}.Debug.Build.0 = Debug|Win32
		{39C5DEAF-1A99-4FB6-9F90-F5E4A5B037B3}.Release.ActiveCfg = Release|Win32
		{39C5DEAF-1A99-4FB6-9F90-F5E4A5B037B3}.Release.Build.0 = Release|Win32
		{39C5DEAF-1A99-4FB6-9F90-F5E4A5B037B3}.Debug.ActiveCfg = Debug|Win32
		{39C5DEAF-1A99-4FB6-9F90-F5E4A5B037B3}.Debug.Build.0 = Debug|Win32
		{39C5DEAF-1A99-4FB6-9F90-F5E4A5B037B3}.Release.ActiveCfg = Release|Win32
		{39C5DEAF-1A99-4FB6-9F90-F5E4A5B037B3}.Release.Build.0 = Release|Win32
		{39C5DEAF-1A99-4FB6-9F90-F5E4A5B037B3}.Debug.ActiveCfg = Debug|Win32
		{39C5DEAF-1A99-4FB6-9F90-F5E4A5B037B3}.Debug.Build.0 = Debug|Win32
		{39C5DEAF-1A99-4FB6-9F90-F5E4A5B037B3}.Release.ActiveCfg = Release|Win32
		{39C5DEAF-1A99-4FB6-9F90-F5E4A5B037B3}.Release.Build.0 = Release|Win32
		{53DCE442-28DC-44D6-AE0C-171500BE5258}.Debug.ActiveCfg = Debug|Win32
		{53DCE442-28DC-44D6-AE0C-171500BE5258}.Debug.Build.0 = Debug|Win32
		{53DCE442-28DC-44D6-AE0C-171500BE5258}.Release.ActiveCfg = Release|Win32
		{53DCE442-28DC-44D6-AE0C-171500BE5258}.Release.Build.0 = Release|Win32
		{A9D414A6-3080-4A01-B9EE-C582E18A2505}.Debug.ActiveCfg = Debug|Win32
		{A9D414A6-3080-4A01-B9EE-C582E18A2505}.Debug.Build.0 = Debug|Win32
		{A9D414A6-3080-4A01-B9EE-C582E18A2505}.Release.ActiveCfg = Release|Win32
		{A9D414A6-3080-4A01-B9EE-C582E18A2505}.Release.Build.0 = Release|Win32
		{062BCDB4-C200-4786-889C-8F85F30F300E}.Debug.ActiveCfg = Debug|Win32
		{062BCDB4-C200-4786-889C-8F85F30F300E}.Debug.Build.0 = Debug|Win32
		{062BCDB4-C200-4786-889C-8F85F30F300E}.Release.ActiveCfg = Release|Win32
		{062BCDB4-C200-4786-889C-8F85F30F300E}.Release.Build.0 = Release|Win32
		{BC5BCDEB-3E5C-41DE-AEC0-78EF4203F44C}.Debug.ActiveCfg = Debug|Win32
		{BC5BCDEB-3E5C-41DE-AEC0-78EF4203F44C}.Debug.Build.0 = Debug|Win32
		{BC5BCDEB-3E5C-41DE-AEC0-78EF4203F44C}.Release.ActiveCfg = Release|Win32
		{BC5BCDEB-3E5C-41DE-AEC0-78EF4203F44C}.Release.Build.0 = Release|Win32
		{8E85C7F3-3DE8-4ADA-BD98-E62E8FF284B3}.Debug.ActiveCfg = Debug|Win32
		{8E85C7F3-3DE8-4ADA-BD98-E62E8FF284B3}.Debug.Build.0 = Debug|Win32
		{8E85C7F3-3DE8-4ADA-BD98-E62E8FF284B3}.Release.ActiveCfg = Release|Win32
		{8E85C7F3-3DE8-4ADA-BD98-E62E8FF284B3}.Release.Build.0 = Release|Win32
		{DD218F7F-004E-419A-B6C2-AC9A356FF4C0}.Debug.ActiveCfg = Debug|Win32
		{DD218F7F-004E-419A-B6C2-AC9A356FF4C0}.Debug.Build.0 = Debug|Win32
		{DD218F7F-004E-419A-B6C2-AC9A356FF4C0}.Release.ActiveCfg = Release|Win32
		{DD218F7F-004E-419A-B6C2-AC9A356FF4C0}.Release.Build.0 = Release|Win32
		{AD4DB18C-7DC4-4E12-9014-31DE5613B7DC}.Debug.ActiveCfg = Debug|Win32
		{AD4DB18C-7DC4-4E12-9014-31DE5613B7DC}.Debug.Build.0 = Debug|Win32
		{AD4DB18C-7DC4-4E12-9014-31DE5613B7DC}.Release.ActiveCfg = Release|Win32
		{AD4DB18C-7DC4-4E12-9014-31DE5613B7DC}.Release.Build.0 = Release|Win32
		{F8700A56-B814-403A-8DEC-16B4DAE14532}.Debug.ActiveCfg = Debug|Win32
		{F8700A56-B814-403A-8DEC-16B4DAE14532}.Debug.Build.0 = Debug|Win32
		{F8700A56-B814-403A-8DEC-16B4DAE14532}.Release.ActiveCfg = Release|Win32
		{F8700A56-B814-403A-8DEC-16B4DAE14532}.Release.Build.0 = Release|Win32
		{F044DD71-B61D-4FBA-B4FD-B83FD37A1092}.Debug.ActiveCfg = Debug|Win32
		{F044DD71-B61D-4FBA-B4FD-B83FD37A1092}.Debug.Build.0 = Debug|Win32
		{F044DD71-B61D-4FBA-B4FD-B83FD37A1092}.Release.ActiveCfg = Release|Win32
		{F044DD71-B61D-4FBA-B4FD-B83FD37A1092}.Release.Build.0 = Release|Win32
		{91B008F4-637E-4DB1-9150-5D13D839730A}.Debug.ActiveCfg = Debug|Win32
		{91B008F4-637E-4DB1-9150-5D13D839730A}.Debug.Build.0 = Debug|Win32
		{91B008F4-637E-4DB1-9150-5D13D839730A}.Release.ActiveCfg = Release|Win32
		{91B008F4-637E-4DB1-9150-5D13D839730A}.Release.Build.0 = Release|Win32
		{DF30A9A3-8496-4F68-A865-A1D45B3077D6}.Debug.ActiveCfg = Debug|Win32
		{DF30A9A3-8496-4F68-A865-A1D45B3077D6}.Debug.Build.0 = Debug|Win32
		{DF30A9A3-8496-4F68-A865-A1D45B3077D6}.Release.ActiveCfg = Release|Win32
		{DF30A9A3-8496-4F68-A865-A1D45B3077D6}.Release.Build.0 = Release|Win32
		{6D04A425-5B92-487B-B2A6-3B514F123E56}.Debug.ActiveCfg = Debug|Win32
		{6D04A425-5B92-487B-B2A6-3B514F123E56}.Debug.Build.0 = Debug|Win32
		{6D04A425-5B92-487B-B2A6-3B514F123E56}.Release.ActiveCfg = Release|Win32
		{6D04A425-5B92-487B-B2A6-3B514F123E56}.Release.Build.0 = Release|Win32
		{73FE74E9-CCEC-4B90-83B7-C2FF1386C703}.Debug.ActiveCfg = Debug|Win32
		{73FE74E9-CCEC-4B90-83B7-C2FF1386C703}.Debug.Build.0 = Debug|Win32
		{73FE74E9-CCEC-4B90-83B7-C2FF1386C703}.Release.ActiveCfg = Release|Win32
		{73FE74E9-CCEC-4B90-83B7-C2FF1386C703}.Release.Build.0 = Release|Win32
		{621EBE00-6C74-403E-8FEB-AFA6D23AD04C}.Debug.ActiveCfg = Debug|Win32
		{621EBE00-6C74-403E-8FEB-AFA6D23AD04C}.Debug.Build.0 = Debug|Win32
		{621EBE00-6C74-403E-8FEB-AFA6D23AD04C}.Release.ActiveCfg = Release|Win32
		{621EBE00-6C74-403E-8FEB-AFA6D23AD04C}.Release.Build.0 = Release|Win32
		{F3582C0D-81F1-4D8B-BE3A-D8FF2AC56BEA}.Debug.ActiveCfg = Debug|Win32
		{F3582C0D-81F1-4D8B-BE3A-D8FF2AC56BEA}.Debug.Build.0 = Debug|Win32
		{F3582C0D-81F1-4D8B-BE3A-D8FF2AC56BEA}.Release.ActiveCfg = Release|Win32
		{F3582C0D-81F1-4D8B-BE3A-D8FF2AC56BEA}.Release.Build.0 = Release|Win32
		{3314678D-C084-461C-9038-F182A12072E7}.Debug.ActiveCfg = Debug|Win32
		{3314678D-C084-461C-9038-F182A12072E7}.Debug.Build.0 = Debug|Win32
		{3314678D-C084-461C-9038-F182A12072E7}.Release.ActiveCfg = Release|Win32
		{3314678D-C084-461C-9038-F182A12072E7}.Release.Build.0 = Release|Win32
	EndGlobalSection
	GlobalSection(ExtensibilityGlobals) = postSolution
	EndGlobalSection
	GlobalSection(ExtensibilityAddIns) = postSolution
	EndGlobalSection
EndGlobal
