Microsoft Visual Studio Solution File, Format Version 8.00
Project("{8BC9CEB8-8B4A-11D0-8D11-00A0C91BC942}") = "Library", "Library\Library.vcproj", "{B36D6721-BD41-4789-81C8-E522F61FFDA5}"
	ProjectSection(ProjectDependencies) = postProject
	EndProjectSection
EndProject
Project("{8BC9CEB8-8B4A-11D0-8D11-00A0C91BC942}") = "DartThrowing", "Main\DartThrowing.vcproj", "{73FE74E9-CCEC-4B90-83B7-C2FF1386C703}"
	ProjectSection(ProjectDependencies) = postProject
		{B36D6721-BD41-4789-81C8-E522F61FFDA5} = {B36D6721-BD41-4789-81C8-E522F61FFDA5}
	EndProjectSection
EndProject
Project("{8BC9CEB8-8B4A-11D0-8D11-00A0C91BC942}") = "SampleSelector", "Main\SampleSelector.vcproj", "{84046821-5D07-418F-8114-7AC8F339A3C7}"
	ProjectSection(ProjectDependencies) = postProject
		{B36D6721-BD41-4789-81C8-E522F61FFDA5} = {B36D6721-BD41-4789-81C8-E522F61FFDA5}
	EndProjectSection
EndProject
Project("{8BC9CEB8-8B4A-11D0-8D11-00A0C91BC942}") = "DrawSamples", "Main\DrawSamples.vcproj", "{EC6AC94D-2E97-4388-ACDC-22AD763E421E}"
	ProjectSection(ProjectDependencies) = postProject
		{B36D6721-BD41-4789-81C8-E522F61FFDA5} = {B36D6721-BD41-4789-81C8-E522F61FFDA5}
		{A9D414A6-3080-4A01-B9EE-C582E18A2505} = {A9D414A6-3080-4A01-B9EE-C582E18A2505}
	EndProjectSection
EndProject
Project("{8BC9CEB8-8B4A-11D0-8D11-00A0C91BC942}") = "Delaunay", "Delaunay\Delaunay.vcproj", "{A9D414A6-3080-4A01-B9EE-C582E18A2505}"
	ProjectSection(ProjectDependencies) = postProject
	EndProjectSection
EndProject
Project("{8BC9CEB8-8B4A-11D0-8D11-00A0C91BC942}") = "LloydRelaxation2D", "Main\LloydRelaxation2D.vcproj", "{3B6F3F12-1803-42F1-B836-926D1BE66F3E}"
	ProjectSection(ProjectDependencies) = postProject
		{B36D6721-BD41-4789-81C8-E522F61FFDA5} = {B36D6721-BD41-4789-81C8-E522F61FFDA5}
		{A9D414A6-3080-4A01-B9EE-C582E18A2505} = {A9D414A6-3080-4A01-B9EE-C582E18A2505}
	EndProjectSection
EndProject
Project("{8BC9CEB8-8B4A-11D0-8D11-00A0C91BC942}") = "LloydRelaxation2DRandom", "Main\LloydRelaxation2DRandom.vcproj", "{427B563A-12AA-4FF1-98F7-F44CA394AEA4}"
	ProjectSection(ProjectDependencies) = postProject
		{B36D6721-BD41-4789-81C8-E522F61FFDA5} = {B36D6721-BD41-4789-81C8-E522F61FFDA5}
		{A9D414A6-3080-4A01-B9EE-C582E18A2505} = {A9D414A6-3080-4A01-B9EE-C582E18A2505}
	EndProjectSection
EndProject
Project("{8BC9CEB8-8B4A-11D0-8D11-00A0C91BC942}") = "Math", "Main\Math.vcproj", "{A1D54424-F11E-47FB-9D8E-A9E0576B7E5E}"
	ProjectSection(ProjectDependencies) = postProject
		{B36D6721-BD41-4789-81C8-E522F61FFDA5} = {B36D6721-BD41-4789-81C8-E522F61FFDA5}
	EndProjectSection
EndProject
Project("{8BC9CEB8-8B4A-11D0-8D11-00A0C91BC942}") = "ProjectSamples", "Main\ProjectSamples.vcproj", "{626A9793-F533-4E35-B535-5E506D60CC9E}"
	ProjectSection(ProjectDependencies) = postProject
		{B36D6721-BD41-4789-81C8-E522F61FFDA5} = {B36D6721-BD41-4789-81C8-E522F61FFDA5}
	EndProjectSection
EndProject
Project("{8BC9CEB8-8B4A-11D0-8D11-00A0C91BC942}") = "RandomizeSamples", "Main\RandomizeSamples.vcproj", "{23A42C96-DBF3-4BD0-B8C9-AF3DEE74A33B}"
	ProjectSection(ProjectDependencies) = postProject
		{B36D6721-BD41-4789-81C8-E522F61FFDA5} = {B36D6721-BD41-4789-81C8-E522F61FFDA5}
	EndProjectSection
EndProject
Project("{8BC9CEB8-8B4A-11D0-8D11-00A0C91BC942}") = "DiscreteRelaxSamples", "Main\DiscreteRelaxSamples.vcproj", "{D8FA8F47-15E2-4F4C-8819-59EAC759D57F}"
	ProjectSection(ProjectDependencies) = postProject
		{B36D6721-BD41-4789-81C8-E522F61FFDA5} = {B36D6721-BD41-4789-81C8-E522F61FFDA5}
		{A9D414A6-3080-4A01-B9EE-C582E18A2505} = {A9D414A6-3080-4A01-B9EE-C582E18A2505}
	EndProjectSection
EndProject
Project("{8BC9CEB8-8B4A-11D0-8D11-00A0C91BC942}") = "DiscreteDartThrowing", "Main\DiscreteDartThrowing.vcproj", "{7F1325A3-1C06-41A1-A154-306AE7970F51}"
	ProjectSection(ProjectDependencies) = postProject
		{B36D6721-BD41-4789-81C8-E522F61FFDA5} = {B36D6721-BD41-4789-81C8-E522F61FFDA5}
	EndProjectSection
EndProject
Project("{8BC9CEB8-8B4A-11D0-8D11-00A0C91BC942}") = "DartThrowingHistory", "Main\DartThrowingHistory.vcproj", "{8699C2D9-9CDA-4691-BB50-13D2309610C7}"
	ProjectSection(ProjectDependencies) = postProject
		{B36D6721-BD41-4789-81C8-E522F61FFDA5} = {B36D6721-BD41-4789-81C8-E522F61FFDA5}
	EndProjectSection
EndProject
Project("{8BC9CEB8-8B4A-11D0-8D11-00A0C91BC942}") = "AnalyzeHistory", "Main\AnalyzeHistory.vcproj", "{C3480096-C49F-4C4E-BBE4-A0F85592D754}"
	ProjectSection(ProjectDependencies) = postProject
		{B36D6721-BD41-4789-81C8-E522F61FFDA5} = {B36D6721-BD41-4789-81C8-E522F61FFDA5}
	EndProjectSection
EndProject
Project("{8BC9CEB8-8B4A-11D0-8D11-00A0C91BC942}") = "DartThrowingClasslessRhoHistory", "Main\DartThrowingClasslessRhoHistory.vcproj", "{6B500800-F404-48CF-A021-F84C40B7760F}"
	ProjectSection(ProjectDependencies) = postProject
		{B36D6721-BD41-4789-81C8-E522F61FFDA5} = {B36D6721-BD41-4789-81C8-E522F61FFDA5}
	EndProjectSection
EndProject
Project("{8BC9CEB8-8B4A-11D0-8D11-00A0C91BC942}") = "MergeSamples", "Main\MergeSamples.vcproj", "{AA052B05-DB6C-4206-B34C-2849C61BBF33}"
	ProjectSection(ProjectDependencies) = postProject
		{B36D6721-BD41-4789-81C8-E522F61FFDA5} = {B36D6721-BD41-4789-81C8-E522F61FFDA5}
	EndProjectSection
EndProject
Project("{8BC9CEB8-8B4A-11D0-8D11-00A0C91BC942}") = "DartThrowingPatientKilling", "Main\DartThrowingPatientKilling.vcproj", "{D9CB4B90-B770-418A-BFFF-D18DA62815C3}"
	ProjectSection(ProjectDependencies) = postProject
		{B36D6721-BD41-4789-81C8-E522F61FFDA5} = {B36D6721-BD41-4789-81C8-E522F61FFDA5}
	EndProjectSection
EndProject
Project("{8BC9CEB8-8B4A-11D0-8D11-00A0C91BC942}") = "TreeThrowing", "Main\TreeThrowing.vcproj", "{F52AE39B-2946-440C-B4A0-CA80E2E81C03}"
	ProjectSection(ProjectDependencies) = postProject
		{B36D6721-BD41-4789-81C8-E522F61FFDA5} = {B36D6721-BD41-4789-81C8-E522F61FFDA5}
	EndProjectSection
EndProject
Project("{8BC9CEB8-8B4A-11D0-8D11-00A0C91BC942}") = "TreeThrowingHistory", "Main\TreeThrowingHistory.vcproj", "{C949D7D1-0602-4426-B4D0-8ED5822FA807}"
	ProjectSection(ProjectDependencies) = postProject
		{B36D6721-BD41-4789-81C8-E522F61FFDA5} = {B36D6721-BD41-4789-81C8-E522F61FFDA5}
	EndProjectSection
EndProject
Project("{8BC9CEB8-8B4A-11D0-8D11-00A0C91BC942}") = "TreeThrowingPatientKilling", "Main\TreeThrowingPatientKilling.vcproj", "{4DBAFE64-7509-4197-B118-40C66EF751C1}"
	ProjectSection(ProjectDependencies) = postProject
		{B36D6721-BD41-4789-81C8-E522F61FFDA5} = {B36D6721-BD41-4789-81C8-E522F61FFDA5}
	EndProjectSection
EndProject
Project("{8BC9CEB8-8B4A-11D0-8D11-00A0C91BC942}") = "FuzzyDartThrowing", "Main\FuzzyDartThrowing.vcproj", "{A40ED301-2699-458E-9D0C-A9688466A65D}"
	ProjectSection(ProjectDependencies) = postProject
		{B36D6721-BD41-4789-81C8-E522F61FFDA5} = {B36D6721-BD41-4789-81C8-E522F61FFDA5}
	EndProjectSection
EndProject
Project("{8BC9CEB8-8B4A-11D0-8D11-00A0C91BC942}") = "Spectrum", "Spectrum\Spectrum.vcproj", "{6CF2BE69-11C1-4966-B42D-B47B6024643C}"
	ProjectSection(ProjectDependencies) = postProject
	EndProjectSection
EndProject
Project("{8BC9CEB8-8B4A-11D0-8D11-00A0C91BC942}") = "Test", "Sain\Test.vcproj", "{3BB01838-15FA-4BEE-9858-CAA37576B5DC}"
	ProjectSection(ProjectDependencies) = postProject
		{B36D6721-BD41-4789-81C8-E522F61FFDA5} = {B36D6721-BD41-4789-81C8-E522F61FFDA5}
		{6CF2BE69-11C1-4966-B42D-B47B6024643C} = {6CF2BE69-11C1-4966-B42D-B47B6024643C}
	EndProjectSection
EndProject
Project("{8BC9CEB8-8B4A-11D0-8D11-00A0C91BC942}") = "SFT", "Sain\SFT.vcproj", "{ADFF57C1-B58E-4529-A889-171031280299}"
	ProjectSection(ProjectDependencies) = postProject
		{B36D6721-BD41-4789-81C8-E522F61FFDA5} = {B36D6721-BD41-4789-81C8-E522F61FFDA5}
		{6CF2BE69-11C1-4966-B42D-B47B6024643C} = {6CF2BE69-11C1-4966-B42D-B47B6024643C}
	EndProjectSection
EndProject
Project("{8BC9CEB8-8B4A-11D0-8D11-00A0C91BC942}") = "LinearLFT", "Sain\LinearLFT.vcproj", "{943AC0BE-6A0F-4504-BFE9-4DEEB0B1EDC0}"
	ProjectSection(ProjectDependencies) = postProject
		{B36D6721-BD41-4789-81C8-E522F61FFDA5} = {B36D6721-BD41-4789-81C8-E522F61FFDA5}
		{6CF2BE69-11C1-4966-B42D-B47B6024643C} = {6CF2BE69-11C1-4966-B42D-B47B6024643C}
	EndProjectSection
EndProject
Project("{8BC9CEB8-8B4A-11D0-8D11-00A0C91BC942}") = "PFM2PPM", "Sain\PFM2PPM.vcproj", "{025AFCC8-15BF-42A6-9371-54C3F2515FC3}"
	ProjectSection(ProjectDependencies) = postProject
		{B36D6721-BD41-4789-81C8-E522F61FFDA5} = {B36D6721-BD41-4789-81C8-E522F61FFDA5}
		{6CF2BE69-11C1-4966-B42D-B47B6024643C} = {6CF2BE69-11C1-4966-B42D-B47B6024643C}
	EndProjectSection
EndProject
Project("{8BC9CEB8-8B4A-11D0-8D11-00A0C91BC942}") = "RadialPlot", "Sain\RadialPlot.vcproj", "{8BC8019F-D907-4694-BACE-88CD1626AB6A}"
	ProjectSection(ProjectDependencies) = postProject
		{B36D6721-BD41-4789-81C8-E522F61FFDA5} = {B36D6721-BD41-4789-81C8-E522F61FFDA5}
		{6CF2BE69-11C1-4966-B42D-B47B6024643C} = {6CF2BE69-11C1-4966-B42D-B47B6024643C}
	EndProjectSection
EndProject
Project("{8BC9CEB8-8B4A-11D0-8D11-00A0C91BC942}") = "RandomLFT", "Sain\RandomLFT.vcproj", "{2BB5F658-DC4D-4AE4-B185-A95D45131D7D}"
	ProjectSection(ProjectDependencies) = postProject
		{B36D6721-BD41-4789-81C8-E522F61FFDA5} = {B36D6721-BD41-4789-81C8-E522F61FFDA5}
		{6CF2BE69-11C1-4966-B42D-B47B6024643C} = {6CF2BE69-11C1-4966-B42D-B47B6024643C}
	EndProjectSection
EndProject
Project("{8BC9CEB8-8B4A-11D0-8D11-00A0C91BC942}") = "IsotropicLFT", "Sain\IsotropicLFT.vcproj", "{2157EA66-80D2-480F-A158-6D5DB6FF54A1}"
	ProjectSection(ProjectDependencies) = postProject
		{B36D6721-BD41-4789-81C8-E522F61FFDA5} = {B36D6721-BD41-4789-81C8-E522F61FFDA5}
		{6CF2BE69-11C1-4966-B42D-B47B6024643C} = {6CF2BE69-11C1-4966-B42D-B47B6024643C}
	EndProjectSection
EndProject
Project("{8BC9CEB8-8B4A-11D0-8D11-00A0C91BC942}") = "MakeBlobs", "Sain\MakeBlobs.vcproj", "{DB87F74B-9BB5-47E2-95C3-9E40664DF701}"
	ProjectSection(ProjectDependencies) = postProject
		{B36D6721-BD41-4789-81C8-E522F61FFDA5} = {B36D6721-BD41-4789-81C8-E522F61FFDA5}
		{6CF2BE69-11C1-4966-B42D-B47B6024643C} = {6CF2BE69-11C1-4966-B42D-B47B6024643C}
	EndProjectSection
EndProject
Project("{8BC9CEB8-8B4A-11D0-8D11-00A0C91BC942}") = "BandIsotropicLFT", "Sain\BandIsotropicLFT.vcproj", "{FFD6E280-FF2D-449F-BA0C-6BB05298FE76}"
	ProjectSection(ProjectDependencies) = postProject
		{B36D6721-BD41-4789-81C8-E522F61FFDA5} = {B36D6721-BD41-4789-81C8-E522F61FFDA5}
		{6CF2BE69-11C1-4966-B42D-B47B6024643C} = {6CF2BE69-11C1-4966-B42D-B47B6024643C}
	EndProjectSection
EndProject
Project("{8BC9CEB8-8B4A-11D0-8D11-00A0C91BC942}") = "ShiftSamples", "Sain\ShiftSamples.vcproj", "{489296FC-65C9-4A50-AFDF-C690CA6882B5}"
	ProjectSection(ProjectDependencies) = postProject
		{B36D6721-BD41-4789-81C8-E522F61FFDA5} = {B36D6721-BD41-4789-81C8-E522F61FFDA5}
		{6CF2BE69-11C1-4966-B42D-B47B6024643C} = {6CF2BE69-11C1-4966-B42D-B47B6024643C}
	EndProjectSection
EndProject
Project("{8BC9CEB8-8B4A-11D0-8D11-00A0C91BC942}") = "ZonePlate", "Sain\ZonePlate.vcproj", "{9615D464-2F02-4A8E-AFF0-58CAE307B4FA}"
	ProjectSection(ProjectDependencies) = postProject
		{B36D6721-BD41-4789-81C8-E522F61FFDA5} = {B36D6721-BD41-4789-81C8-E522F61FFDA5}
		{6CF2BE69-11C1-4966-B42D-B47B6024643C} = {6CF2BE69-11C1-4966-B42D-B47B6024643C}
	EndProjectSection
EndProject
Project("{8BC9CEB8-8B4A-11D0-8D11-00A0C91BC942}") = "AdaptiveDartThrowing", "Main\AdaptiveDartThrowing.vcproj", "{EC7BF9D2-A64F-4623-8162-7B18542AD6F4}"
	ProjectSection(ProjectDependencies) = postProject
		{B36D6721-BD41-4789-81C8-E522F61FFDA5} = {B36D6721-BD41-4789-81C8-E522F61FFDA5}
	EndProjectSection
EndProject
Project("{8BC9CEB8-8B4A-11D0-8D11-00A0C91BC942}") = "MultiTreeAdaptiveSampling", "Main\MultiTreeAdaptiveSampling.vcproj", "{81BE2A0E-D80F-4145-A709-1C80F54FA36A}"
	ProjectSection(ProjectDependencies) = postProject
		{B36D6721-BD41-4789-81C8-E522F61FFDA5} = {B36D6721-BD41-4789-81C8-E522F61FFDA5}
	EndProjectSection
EndProject
Project("{8BC9CEB8-8B4A-11D0-8D11-00A0C91BC942}") = "MultiTreeUniformSampling", "Main\MultiTreeUniformSampling.vcproj", "{3C74CB7D-9502-4B69-8C3B-6C9F2694244C}"
	ProjectSection(ProjectDependencies) = postProject
		{B36D6721-BD41-4789-81C8-E522F61FFDA5} = {B36D6721-BD41-4789-81C8-E522F61FFDA5}
	EndProjectSection
EndProject
Project("{8BC9CEB8-8B4A-11D0-8D11-00A0C91BC942}") = "MakeRandom", "Sain\MakeRandom.vcproj", "{97B8AB73-5C9C-4345-A4A2-FCDBAD05D27F}"
	ProjectSection(ProjectDependencies) = postProject
		{B36D6721-BD41-4789-81C8-E522F61FFDA5} = {B36D6721-BD41-4789-81C8-E522F61FFDA5}
	EndProjectSection
EndProject
Project("{8BC9CEB8-8B4A-11D0-8D11-00A0C91BC942}") = "PenroseSampling", "Tiling\PenroseSampling.vcproj", "{BF4BB3F4-6416-422D-A7BA-EAAD20E485A0}"
	ProjectSection(ProjectDependencies) = postProject
		{B36D6721-BD41-4789-81C8-E522F61FFDA5} = {B36D6721-BD41-4789-81C8-E522F61FFDA5}
	EndProjectSection
EndProject
Project("{8BC9CEB8-8B4A-11D0-8D11-00A0C91BC942}") = "PenroseColoring", "Tiling\PenroseColoring.vcproj", "{C1626C06-74DD-496B-B910-C5640AC68FD9}"
	ProjectSection(ProjectDependencies) = postProject
		{B36D6721-BD41-4789-81C8-E522F61FFDA5} = {B36D6721-BD41-4789-81C8-E522F61FFDA5}
	EndProjectSection
EndProject
Project("{8BC9CEB8-8B4A-11D0-8D11-00A0C91BC942}") = "Merge3PFM", "Sain\Merge3PFM.vcproj", "{A01CE58A-D1F3-47C4-A5B6-21D794C39BDA}"
	ProjectSection(ProjectDependencies) = postProject
		{B36D6721-BD41-4789-81C8-E522F61FFDA5} = {B36D6721-BD41-4789-81C8-E522F61FFDA5}
	EndProjectSection
EndProject
Project("{8BC9CEB8-8B4A-11D0-8D11-00A0C91BC942}") = "TileSamples", "Main\TileSamples.vcproj", "{74667737-8B62-4518-BF8B-0F0FC3C2B6C0}"
	ProjectSection(ProjectDependencies) = postProject
		{B36D6721-BD41-4789-81C8-E522F61FFDA5} = {B36D6721-BD41-4789-81C8-E522F61FFDA5}
	EndProjectSection
EndProject
Project("{8BC9CEB8-8B4A-11D0-8D11-00A0C91BC942}") = "FillPenroseHole", "Tiling\FillPenroseHole.vcproj", "{630232BA-CCF6-43E8-A2B0-9DC0B71602EE}"
	ProjectSection(ProjectDependencies) = postProject
		{B36D6721-BD41-4789-81C8-E522F61FFDA5} = {B36D6721-BD41-4789-81C8-E522F61FFDA5}
	EndProjectSection
EndProject
Project("{8BC9CEB8-8B4A-11D0-8D11-00A0C91BC942}") = "DrawObjects", "GPU\DrawObjects.vcproj", "{96DE3638-97B7-4E05-A235-FC63DE99A371}"
	ProjectSection(ProjectDependencies) = postProject
		{B36D6721-BD41-4789-81C8-E522F61FFDA5} = {B36D6721-BD41-4789-81C8-E522F61FFDA5}
	EndProjectSection
EndProject
Project("{8BC9CEB8-8B4A-11D0-8D11-00A0C91BC942}") = "R1G2B1GridSampling", "Tiling\R1G2B1GridSampling.vcproj", "{B371A9E9-3230-44DF-95DA-555A3C70E679}"
	ProjectSection(ProjectDependencies) = postProject
		{B36D6721-BD41-4789-81C8-E522F61FFDA5} = {B36D6721-BD41-4789-81C8-E522F61FFDA5}
	EndProjectSection
EndProject
Project("{8BC9CEB8-8B4A-11D0-8D11-00A0C91BC942}") = "ResetClassLabel", "Main\ResetClassLabel.vcproj", "{82907721-4234-4934-8270-5B8806513704}"
	ProjectSection(ProjectDependencies) = postProject
		{B36D6721-BD41-4789-81C8-E522F61FFDA5} = {B36D6721-BD41-4789-81C8-E522F61FFDA5}
	EndProjectSection
EndProject
Project("{8BC9CEB8-8B4A-11D0-8D11-00A0C91BC942}") = "CleanseObjectAlpha", "GPU\CleanseObjectAlpha.vcproj", "{A9A9A626-91D1-4412-90B6-E626C0EAD425}"
	ProjectSection(ProjectDependencies) = postProject
		{B36D6721-BD41-4789-81C8-E522F61FFDA5} = {B36D6721-BD41-4789-81C8-E522F61FFDA5}
	EndProjectSection
EndProject
Project("{8BC9CEB8-8B4A-11D0-8D11-00A0C91BC942}") = "Misc", "Main\Misc.vcproj", "{AD269959-6117-4CBC-8867-67A97735C0FA}"
	ProjectSection(ProjectDependencies) = postProject
		{B36D6721-BD41-4789-81C8-E522F61FFDA5} = {B36D6721-BD41-4789-81C8-E522F61FFDA5}
	EndProjectSection
EndProject
Project("{8BC9CEB8-8B4A-11D0-8D11-00A0C91BC942}") = "Theory", "Theory\Theory.vcproj", "{34339659-5F9C-489F-AA41-51C3F2D8E778}"
	ProjectSection(ProjectDependencies) = postProject
	EndProjectSection
EndProject
Project("{8BC9CEB8-8B4A-11D0-8D11-00A0C91BC942}") = "DFT", "Sain\DFT.vcproj", "{BD4F65BB-9F57-4185-9A8C-576FBF16489E}"
	ProjectSection(ProjectDependencies) = postProject
		{B36D6721-BD41-4789-81C8-E522F61FFDA5} = {B36D6721-BD41-4789-81C8-E522F61FFDA5}
		{34339659-5F9C-489F-AA41-51C3F2D8E778} = {34339659-5F9C-489F-AA41-51C3F2D8E778}
		{6CF2BE69-11C1-4966-B42D-B47B6024643C} = {6CF2BE69-11C1-4966-B42D-B47B6024643C}
	EndProjectSection
EndProject
Project("{8BC9CEB8-8B4A-11D0-8D11-00A0C91BC942}") = "DiffThrowing", "Theory\DiffThrowing.vcproj", "{C189E27E-BDEA-43A4-ABDD-06E2B6904193}"
	ProjectSection(ProjectDependencies) = postProject
		{B36D6721-BD41-4789-81C8-E522F61FFDA5} = {B36D6721-BD41-4789-81C8-E522F61FFDA5}
		{34339659-5F9C-489F-AA41-51C3F2D8E778} = {34339659-5F9C-489F-AA41-51C3F2D8E778}
	EndProjectSection
EndProject
Project("{8BC9CEB8-8B4A-11D0-8D11-00A0C91BC942}") = "Histogram", "Theory\Histogram.vcproj", "{6D4ED3EF-42D4-49FB-A383-BB4F140D9009}"
	ProjectSection(ProjectDependencies) = postProject
		{B36D6721-BD41-4789-81C8-E522F61FFDA5} = {B36D6721-BD41-4789-81C8-E522F61FFDA5}
	EndProjectSection
EndProject
Project("{8BC9CEB8-8B4A-11D0-8D11-00A0C91BC942}") = "DiffHistogram", "Theory\DiffHistogram.vcproj", "{33F6FF35-142F-4D2D-AEA5-FAA73A875203}"
	ProjectSection(ProjectDependencies) = postProject
		{B36D6721-BD41-4789-81C8-E522F61FFDA5} = {B36D6721-BD41-4789-81C8-E522F61FFDA5}
	EndProjectSection
EndProject
Project("{8BC9CEB8-8B4A-11D0-8D11-00A0C91BC942}") = "DiffSampling", "Theory\DiffSampling.vcproj", "{36D7E3EE-7A1B-4CAC-A4FC-FA00118859BB}"
	ProjectSection(ProjectDependencies) = postProject
		{B36D6721-BD41-4789-81C8-E522F61FFDA5} = {B36D6721-BD41-4789-81C8-E522F61FFDA5}
	EndProjectSection
EndProject
Project("{8BC9CEB8-8B4A-11D0-8D11-00A0C91BC942}") = "ExtractDiscreteSamples", "Main\ExtractDiscreteSamples.vcproj", "{17DC71B4-EFA1-4839-AF56-3E936D13DB6F}"
	ProjectSection(ProjectDependencies) = postProject
		{B36D6721-BD41-4789-81C8-E522F61FFDA5} = {B36D6721-BD41-4789-81C8-E522F61FFDA5}
	EndProjectSection
EndProject
Project("{8BC9CEB8-8B4A-11D0-8D11-00A0C91BC942}") = "Shuffling", "Shuffling\Shuffling.vcproj", "{DAD20B06-04EC-4E72-9AA2-00FF563C35D2}"
	ProjectSection(ProjectDependencies) = postProject
	EndProjectSection
EndProject
Project("{8BC9CEB8-8B4A-11D0-8D11-00A0C91BC942}") = "DartShuffling", "Main\DartShuffling.vcproj", "{CD82FB38-44FB-4106-BFE7-9CC9AE46A5AE}"
	ProjectSection(ProjectDependencies) = postProject
		{DAD20B06-04EC-4E72-9AA2-00FF563C35D2} = {DAD20B06-04EC-4E72-9AA2-00FF563C35D2}
		{B36D6721-BD41-4789-81C8-E522F61FFDA5} = {B36D6721-BD41-4789-81C8-E522F61FFDA5}
	EndProjectSection
EndProject
Project("{8BC9CEB8-8B4A-11D0-8D11-00A0C91BC942}") = "DartEnergy", "Main\DartEnergy.vcproj", "{936BD2C1-13B9-4B5E-8AEA-2E932421ACE1}"
	ProjectSection(ProjectDependencies) = postProject
		{DAD20B06-04EC-4E72-9AA2-00FF563C35D2} = {DAD20B06-04EC-4E72-9AA2-00FF563C35D2}
		{B36D6721-BD41-4789-81C8-E522F61FFDA5} = {B36D6721-BD41-4789-81C8-E522F61FFDA5}
	EndProjectSection
EndProject
Project("{8BC9CEB8-8B4A-11D0-8D11-00A0C91BC942}") = "DartShufflingEnergy", "Main\DartShufflingEnergy.vcproj", "{E4366DA1-845E-44FF-9DE5-5E39AC24A225}"
	ProjectSection(ProjectDependencies) = postProject
		{DAD20B06-04EC-4E72-9AA2-00FF563C35D2} = {DAD20B06-04EC-4E72-9AA2-00FF563C35D2}
		{B36D6721-BD41-4789-81C8-E522F61FFDA5} = {B36D6721-BD41-4789-81C8-E522F61FFDA5}
	EndProjectSection
EndProject
Project("{8BC9CEB8-8B4A-11D0-8D11-00A0C91BC942}") = "WhiteNoiseSamples", "Main\WhiteNoiseSamples.vcproj", "{5BC8BA11-B239-4242-931A-6D6D9A65B3E5}"
	ProjectSection(ProjectDependencies) = postProject
		{B36D6721-BD41-4789-81C8-E522F61FFDA5} = {B36D6721-BD41-4789-81C8-E522F61FFDA5}
	EndProjectSection
EndProject
Project("{8BC9CEB8-8B4A-11D0-8D11-00A0C91BC942}") = "Lloyd", "Lloyd\Lloyd.vcproj", "{AE72CDC8-EE8A-4D4C-815C-B08B6BC50B73}"
	ProjectSection(ProjectDependencies) = postProject
	EndProjectSection
EndProject
Project("{8BC9CEB8-8B4A-11D0-8D11-00A0C91BC942}") = "LloydRelaxation", "Main\LloydRelaxation.vcproj", "{526A31E0-BE4F-4ACA-A1AB-485682DA4708}"
	ProjectSection(ProjectDependencies) = postProject
		{DAD20B06-04EC-4E72-9AA2-00FF563C35D2} = {DAD20B06-04EC-4E72-9AA2-00FF563C35D2}
		{B36D6721-BD41-4789-81C8-E522F61FFDA5} = {B36D6721-BD41-4789-81C8-E522F61FFDA5}
		{AE72CDC8-EE8A-4D4C-815C-B08B6BC50B73} = {AE72CDC8-EE8A-4D4C-815C-B08B6BC50B73}
	EndProjectSection
EndProject
Project("{8BC9CEB8-8B4A-11D0-8D11-00A0C91BC942}") = "RandomPickPointsSites", "Main\RandomPickPointsSites.vcproj", "{90D862D2-0084-4D49-BBD5-922839B30BC2}"
	ProjectSection(ProjectDependencies) = postProject
		{B36D6721-BD41-4789-81C8-E522F61FFDA5} = {B36D6721-BD41-4789-81C8-E522F61FFDA5}
	EndProjectSection
EndProject
Project("{8BC9CEB8-8B4A-11D0-8D11-00A0C91BC942}") = "LloydRelaxationPoints", "Main\LloydRelaxationPoints.vcproj", "{C2BCC51C-C4AF-4AD6-9D60-77E9E4DD50C6}"
	ProjectSection(ProjectDependencies) = postProject
		{DAD20B06-04EC-4E72-9AA2-00FF563C35D2} = {DAD20B06-04EC-4E72-9AA2-00FF563C35D2}
		{B36D6721-BD41-4789-81C8-E522F61FFDA5} = {B36D6721-BD41-4789-81C8-E522F61FFDA5}
		{AE72CDC8-EE8A-4D4C-815C-B08B6BC50B73} = {AE72CDC8-EE8A-4D4C-815C-B08B6BC50B73}
	EndProjectSection
EndProject
Project("{8BC9CEB8-8B4A-11D0-8D11-00A0C91BC942}") = "ProcessLloydSites", "Main\ProcessLloydSites.vcproj", "{11962FB7-E1D7-40D0-86BC-B86BC42DDB9B}"
	ProjectSection(ProjectDependencies) = postProject
		{DAD20B06-04EC-4E72-9AA2-00FF563C35D2} = {DAD20B06-04EC-4E72-9AA2-00FF563C35D2}
		{B36D6721-BD41-4789-81C8-E522F61FFDA5} = {B36D6721-BD41-4789-81C8-E522F61FFDA5}
		{AE72CDC8-EE8A-4D4C-815C-B08B6BC50B73} = {AE72CDC8-EE8A-4D4C-815C-B08B6BC50B73}
	EndProjectSection
EndProject
Project("{8BC9CEB8-8B4A-11D0-8D11-00A0C91BC942}") = "MinSampleSpacing", "Main\MinSampleSpacing.vcproj", "{3A4610EA-3080-4A4B-81A9-E7BB1237C8F1}"
	ProjectSection(ProjectDependencies) = postProject
		{B36D6721-BD41-4789-81C8-E522F61FFDA5} = {B36D6721-BD41-4789-81C8-E522F61FFDA5}
	EndProjectSection
EndProject
Project("{8BC9CEB8-8B4A-11D0-8D11-00A0C91BC942}") = "DartSwapping", "Main\DartSwapping.vcproj", "{3E8B342F-8A14-46F0-BAF8-01E73443B44D}"
	ProjectSection(ProjectDependencies) = postProject
		{DAD20B06-04EC-4E72-9AA2-00FF563C35D2} = {DAD20B06-04EC-4E72-9AA2-00FF563C35D2}
		{B36D6721-BD41-4789-81C8-E522F61FFDA5} = {B36D6721-BD41-4789-81C8-E522F61FFDA5}
	EndProjectSection
EndProject
Project("{8BC9CEB8-8B4A-11D0-8D11-00A0C91BC942}") = "DrawEnergySampleTracker", "Main\DrawEnergySampleTracker.vcproj", "{814F9E75-D058-4B69-9262-3E4FABD03777}"
	ProjectSection(ProjectDependencies) = postProject
		{DAD20B06-04EC-4E72-9AA2-00FF563C35D2} = {DAD20B06-04EC-4E72-9AA2-00FF563C35D2}
		{B36D6721-BD41-4789-81C8-E522F61FFDA5} = {B36D6721-BD41-4789-81C8-E522F61FFDA5}
	EndProjectSection
EndProject
Project("{8BC9CEB8-8B4A-11D0-8D11-00A0C91BC942}") = "GridNoiseSamples", "Main\GridNoiseSamples.vcproj", "{7CC85D70-0147-4E8B-A631-5CFFAF80B373}"
	ProjectSection(ProjectDependencies) = postProject
		{DAD20B06-04EC-4E72-9AA2-00FF563C35D2} = {DAD20B06-04EC-4E72-9AA2-00FF563C35D2}
		{B36D6721-BD41-4789-81C8-E522F61FFDA5} = {B36D6721-BD41-4789-81C8-E522F61FFDA5}
	EndProjectSection
EndProject
Project("{8BC9CEB8-8B4A-11D0-8D11-00A0C91BC942}") = "ColorTransform", "Main\ColorTransform.vcproj", "{DB10BEAE-912B-481E-BCB9-43C26613C257}"
	ProjectSection(ProjectDependencies) = postProject
		{B36D6721-BD41-4789-81C8-E522F61FFDA5} = {B36D6721-BD41-4789-81C8-E522F61FFDA5}
	EndProjectSection
EndProject
Project("{8BC9CEB8-8B4A-11D0-8D11-00A0C91BC942}") = "PPM2PFM", "Sain\PPM2PFM.vcproj", "{75BCF1BB-5508-4D7D-A84A-4D25125A0D11}"
	ProjectSection(ProjectDependencies) = postProject
		{B36D6721-BD41-4789-81C8-E522F61FFDA5} = {B36D6721-BD41-4789-81C8-E522F61FFDA5}
	EndProjectSection
EndProject
Project("{8BC9CEB8-8B4A-11D0-8D11-00A0C91BC942}") = "HackImage", "Main\HackImage.vcproj", "{9E7EAA9A-457B-410D-B426-7527827B261F}"
	ProjectSection(ProjectDependencies) = postProject
		{B36D6721-BD41-4789-81C8-E522F61FFDA5} = {B36D6721-BD41-4789-81C8-E522F61FFDA5}
	EndProjectSection
EndProject
Project("{8BC9CEB8-8B4A-11D0-8D11-00A0C91BC942}") = "DartLining", "Main\DartLining.vcproj", "{5C6132CC-DDC7-4CB6-AADB-C59B591CD32A}"
	ProjectSection(ProjectDependencies) = postProject
		{B36D6721-BD41-4789-81C8-E522F61FFDA5} = {B36D6721-BD41-4789-81C8-E522F61FFDA5}
	EndProjectSection
EndProject
Global
	GlobalSection(SolutionConfiguration) = preSolution
		Debug = Debug
		Release = Release
	EndGlobalSection
	GlobalSection(ProjectConfiguration) = postSolution
		{B36D6721-BD41-4789-81C8-E522F61FFDA5}.Debug.ActiveCfg = Debug|Win32
		{B36D6721-BD41-4789-81C8-E522F61FFDA5}.Debug.Build.0 = Debug|Win32
		{B36D6721-BD41-4789-81C8-E522F61FFDA5}.Release.ActiveCfg = Release|Win32
		{B36D6721-BD41-4789-81C8-E522F61FFDA5}.Release.Build.0 = Release|Win32
		{73FE74E9-CCEC-4B90-83B7-C2FF1386C703}.Debug.ActiveCfg = Debug|Win32
		{73FE74E9-CCEC-4B90-83B7-C2FF1386C703}.Debug.Build.0 = Debug|Win32
		{73FE74E9-CCEC-4B90-83B7-C2FF1386C703}.Release.ActiveCfg = Release|Win32
		{73FE74E9-CCEC-4B90-83B7-C2FF1386C703}.Release.Build.0 = Release|Win32
		{84046821-5D07-418F-8114-7AC8F339A3C7}.Debug.ActiveCfg = Debug|Win32
		{84046821-5D07-418F-8114-7AC8F339A3C7}.Debug.Build.0 = Debug|Win32
		{84046821-5D07-418F-8114-7AC8F339A3C7}.Release.ActiveCfg = Release|Win32
		{84046821-5D07-418F-8114-7AC8F339A3C7}.Release.Build.0 = Release|Win32
		{EC6AC94D-2E97-4388-ACDC-22AD763E421E}.Debug.ActiveCfg = Debug|Win32
		{EC6AC94D-2E97-4388-ACDC-22AD763E421E}.Debug.Build.0 = Debug|Win32
		{EC6AC94D-2E97-4388-ACDC-22AD763E421E}.Release.ActiveCfg = Release|Win32
		{EC6AC94D-2E97-4388-ACDC-22AD763E421E}.Release.Build.0 = Release|Win32
		{A9D414A6-3080-4A01-B9EE-C582E18A2505}.Debug.ActiveCfg = Debug|Win32
		{A9D414A6-3080-4A01-B9EE-C582E18A2505}.Debug.Build.0 = Debug|Win32
		{A9D414A6-3080-4A01-B9EE-C582E18A2505}.Release.ActiveCfg = Release|Win32
		{A9D414A6-3080-4A01-B9EE-C582E18A2505}.Release.Build.0 = Release|Win32
		{3B6F3F12-1803-42F1-B836-926D1BE66F3E}.Debug.ActiveCfg = Debug|Win32
		{3B6F3F12-1803-42F1-B836-926D1BE66F3E}.Debug.Build.0 = Debug|Win32
		{3B6F3F12-1803-42F1-B836-926D1BE66F3E}.Release.ActiveCfg = Release|Win32
		{3B6F3F12-1803-42F1-B836-926D1BE66F3E}.Release.Build.0 = Release|Win32
		{427B563A-12AA-4FF1-98F7-F44CA394AEA4}.Debug.ActiveCfg = Debug|Win32
		{427B563A-12AA-4FF1-98F7-F44CA394AEA4}.Debug.Build.0 = Debug|Win32
		{427B563A-12AA-4FF1-98F7-F44CA394AEA4}.Release.ActiveCfg = Release|Win32
		{427B563A-12AA-4FF1-98F7-F44CA394AEA4}.Release.Build.0 = Release|Win32
		{A1D54424-F11E-47FB-9D8E-A9E0576B7E5E}.Debug.ActiveCfg = Debug|Win32
		{A1D54424-F11E-47FB-9D8E-A9E0576B7E5E}.Debug.Build.0 = Debug|Win32
		{A1D54424-F11E-47FB-9D8E-A9E0576B7E5E}.Release.ActiveCfg = Release|Win32
		{A1D54424-F11E-47FB-9D8E-A9E0576B7E5E}.Release.Build.0 = Release|Win32
		{626A9793-F533-4E35-B535-5E506D60CC9E}.Debug.ActiveCfg = Debug|Win32
		{626A9793-F533-4E35-B535-5E506D60CC9E}.Debug.Build.0 = Debug|Win32
		{626A9793-F533-4E35-B535-5E506D60CC9E}.Release.ActiveCfg = Release|Win32
		{626A9793-F533-4E35-B535-5E506D60CC9E}.Release.Build.0 = Release|Win32
		{23A42C96-DBF3-4BD0-B8C9-AF3DEE74A33B}.Debug.ActiveCfg = Debug|Win32
		{23A42C96-DBF3-4BD0-B8C9-AF3DEE74A33B}.Debug.Build.0 = Debug|Win32
		{23A42C96-DBF3-4BD0-B8C9-AF3DEE74A33B}.Release.ActiveCfg = Release|Win32
		{23A42C96-DBF3-4BD0-B8C9-AF3DEE74A33B}.Release.Build.0 = Release|Win32
		{D8FA8F47-15E2-4F4C-8819-59EAC759D57F}.Debug.ActiveCfg = Debug|Win32
		{D8FA8F47-15E2-4F4C-8819-59EAC759D57F}.Debug.Build.0 = Debug|Win32
		{D8FA8F47-15E2-4F4C-8819-59EAC759D57F}.Release.ActiveCfg = Release|Win32
		{D8FA8F47-15E2-4F4C-8819-59EAC759D57F}.Release.Build.0 = Release|Win32
		{7F1325A3-1C06-41A1-A154-306AE7970F51}.Debug.ActiveCfg = Debug|Win32
		{7F1325A3-1C06-41A1-A154-306AE7970F51}.Debug.Build.0 = Debug|Win32
		{7F1325A3-1C06-41A1-A154-306AE7970F51}.Release.ActiveCfg = Release|Win32
		{7F1325A3-1C06-41A1-A154-306AE7970F51}.Release.Build.0 = Release|Win32
		{8699C2D9-9CDA-4691-BB50-13D2309610C7}.Debug.ActiveCfg = Debug|Win32
		{8699C2D9-9CDA-4691-BB50-13D2309610C7}.Debug.Build.0 = Debug|Win32
		{8699C2D9-9CDA-4691-BB50-13D2309610C7}.Release.ActiveCfg = Release|Win32
		{8699C2D9-9CDA-4691-BB50-13D2309610C7}.Release.Build.0 = Release|Win32
		{C3480096-C49F-4C4E-BBE4-A0F85592D754}.Debug.ActiveCfg = Debug|Win32
		{C3480096-C49F-4C4E-BBE4-A0F85592D754}.Debug.Build.0 = Debug|Win32
		{C3480096-C49F-4C4E-BBE4-A0F85592D754}.Release.ActiveCfg = Release|Win32
		{C3480096-C49F-4C4E-BBE4-A0F85592D754}.Release.Build.0 = Release|Win32
		{6B500800-F404-48CF-A021-F84C40B7760F}.Debug.ActiveCfg = Debug|Win32
		{6B500800-F404-48CF-A021-F84C40B7760F}.Debug.Build.0 = Debug|Win32
		{6B500800-F404-48CF-A021-F84C40B7760F}.Release.ActiveCfg = Release|Win32
		{6B500800-F404-48CF-A021-F84C40B7760F}.Release.Build.0 = Release|Win32
		{AA052B05-DB6C-4206-B34C-2849C61BBF33}.Debug.ActiveCfg = Debug|Win32
		{AA052B05-DB6C-4206-B34C-2849C61BBF33}.Debug.Build.0 = Debug|Win32
		{AA052B05-DB6C-4206-B34C-2849C61BBF33}.Release.ActiveCfg = Release|Win32
		{AA052B05-DB6C-4206-B34C-2849C61BBF33}.Release.Build.0 = Release|Win32
		{D9CB4B90-B770-418A-BFFF-D18DA62815C3}.Debug.ActiveCfg = Debug|Win32
		{D9CB4B90-B770-418A-BFFF-D18DA62815C3}.Debug.Build.0 = Debug|Win32
		{D9CB4B90-B770-418A-BFFF-D18DA62815C3}.Release.ActiveCfg = Release|Win32
		{D9CB4B90-B770-418A-BFFF-D18DA62815C3}.Release.Build.0 = Release|Win32
		{F52AE39B-2946-440C-B4A0-CA80E2E81C03}.Debug.ActiveCfg = Debug|Win32
		{F52AE39B-2946-440C-B4A0-CA80E2E81C03}.Debug.Build.0 = Debug|Win32
		{F52AE39B-2946-440C-B4A0-CA80E2E81C03}.Release.ActiveCfg = Release|Win32
		{F52AE39B-2946-440C-B4A0-CA80E2E81C03}.Release.Build.0 = Release|Win32
		{C949D7D1-0602-4426-B4D0-8ED5822FA807}.Debug.ActiveCfg = Debug|Win32
		{C949D7D1-0602-4426-B4D0-8ED5822FA807}.Debug.Build.0 = Debug|Win32
		{C949D7D1-0602-4426-B4D0-8ED5822FA807}.Release.ActiveCfg = Release|Win32
		{C949D7D1-0602-4426-B4D0-8ED5822FA807}.Release.Build.0 = Release|Win32
		{4DBAFE64-7509-4197-B118-40C66EF751C1}.Debug.ActiveCfg = Debug|Win32
		{4DBAFE64-7509-4197-B118-40C66EF751C1}.Debug.Build.0 = Debug|Win32
		{4DBAFE64-7509-4197-B118-40C66EF751C1}.Release.ActiveCfg = Release|Win32
		{4DBAFE64-7509-4197-B118-40C66EF751C1}.Release.Build.0 = Release|Win32
		{A40ED301-2699-458E-9D0C-A9688466A65D}.Debug.ActiveCfg = Debug|Win32
		{A40ED301-2699-458E-9D0C-A9688466A65D}.Debug.Build.0 = Debug|Win32
		{A40ED301-2699-458E-9D0C-A9688466A65D}.Release.ActiveCfg = Release|Win32
		{A40ED301-2699-458E-9D0C-A9688466A65D}.Release.Build.0 = Release|Win32
		{6CF2BE69-11C1-4966-B42D-B47B6024643C}.Debug.ActiveCfg = Debug|Win32
		{6CF2BE69-11C1-4966-B42D-B47B6024643C}.Debug.Build.0 = Debug|Win32
		{6CF2BE69-11C1-4966-B42D-B47B6024643C}.Release.ActiveCfg = Release|Win32
		{6CF2BE69-11C1-4966-B42D-B47B6024643C}.Release.Build.0 = Release|Win32
		{3BB01838-15FA-4BEE-9858-CAA37576B5DC}.Debug.ActiveCfg = Debug|Win32
		{3BB01838-15FA-4BEE-9858-CAA37576B5DC}.Debug.Build.0 = Debug|Win32
		{3BB01838-15FA-4BEE-9858-CAA37576B5DC}.Release.ActiveCfg = Release|Win32
		{3BB01838-15FA-4BEE-9858-CAA37576B5DC}.Release.Build.0 = Release|Win32
		{ADFF57C1-B58E-4529-A889-171031280299}.Debug.ActiveCfg = Debug|Win32
		{ADFF57C1-B58E-4529-A889-171031280299}.Debug.Build.0 = Debug|Win32
		{ADFF57C1-B58E-4529-A889-171031280299}.Release.ActiveCfg = Release|Win32
		{ADFF57C1-B58E-4529-A889-171031280299}.Release.Build.0 = Release|Win32
		{943AC0BE-6A0F-4504-BFE9-4DEEB0B1EDC0}.Debug.ActiveCfg = Debug|Win32
		{943AC0BE-6A0F-4504-BFE9-4DEEB0B1EDC0}.Debug.Build.0 = Debug|Win32
		{943AC0BE-6A0F-4504-BFE9-4DEEB0B1EDC0}.Release.ActiveCfg = Release|Win32
		{943AC0BE-6A0F-4504-BFE9-4DEEB0B1EDC0}.Release.Build.0 = Release|Win32
		{025AFCC8-15BF-42A6-9371-54C3F2515FC3}.Debug.ActiveCfg = Debug|Win32
		{025AFCC8-15BF-42A6-9371-54C3F2515FC3}.Debug.Build.0 = Debug|Win32
		{025AFCC8-15BF-42A6-9371-54C3F2515FC3}.Release.ActiveCfg = Release|Win32
		{025AFCC8-15BF-42A6-9371-54C3F2515FC3}.Release.Build.0 = Release|Win32
		{8BC8019F-D907-4694-BACE-88CD1626AB6A}.Debug.ActiveCfg = Debug|Win32
		{8BC8019F-D907-4694-BACE-88CD1626AB6A}.Debug.Build.0 = Debug|Win32
		{8BC8019F-D907-4694-BACE-88CD1626AB6A}.Release.ActiveCfg = Release|Win32
		{8BC8019F-D907-4694-BACE-88CD1626AB6A}.Release.Build.0 = Release|Win32
		{2BB5F658-DC4D-4AE4-B185-A95D45131D7D}.Debug.ActiveCfg = Debug|Win32
		{2BB5F658-DC4D-4AE4-B185-A95D45131D7D}.Debug.Build.0 = Debug|Win32
		{2BB5F658-DC4D-4AE4-B185-A95D45131D7D}.Release.ActiveCfg = Release|Win32
		{2BB5F658-DC4D-4AE4-B185-A95D45131D7D}.Release.Build.0 = Release|Win32
		{2157EA66-80D2-480F-A158-6D5DB6FF54A1}.Debug.ActiveCfg = Debug|Win32
		{2157EA66-80D2-480F-A158-6D5DB6FF54A1}.Debug.Build.0 = Debug|Win32
		{2157EA66-80D2-480F-A158-6D5DB6FF54A1}.Release.ActiveCfg = Release|Win32
		{2157EA66-80D2-480F-A158-6D5DB6FF54A1}.Release.Build.0 = Release|Win32
		{DB87F74B-9BB5-47E2-95C3-9E40664DF701}.Debug.ActiveCfg = Debug|Win32
		{DB87F74B-9BB5-47E2-95C3-9E40664DF701}.Debug.Build.0 = Debug|Win32
		{DB87F74B-9BB5-47E2-95C3-9E40664DF701}.Release.ActiveCfg = Release|Win32
		{DB87F74B-9BB5-47E2-95C3-9E40664DF701}.Release.Build.0 = Release|Win32
		{FFD6E280-FF2D-449F-BA0C-6BB05298FE76}.Debug.ActiveCfg = Debug|Win32
		{FFD6E280-FF2D-449F-BA0C-6BB05298FE76}.Debug.Build.0 = Debug|Win32
		{FFD6E280-FF2D-449F-BA0C-6BB05298FE76}.Release.ActiveCfg = Release|Win32
		{FFD6E280-FF2D-449F-BA0C-6BB05298FE76}.Release.Build.0 = Release|Win32
		{489296FC-65C9-4A50-AFDF-C690CA6882B5}.Debug.ActiveCfg = Debug|Win32
		{489296FC-65C9-4A50-AFDF-C690CA6882B5}.Debug.Build.0 = Debug|Win32
		{489296FC-65C9-4A50-AFDF-C690CA6882B5}.Release.ActiveCfg = Release|Win32
		{489296FC-65C9-4A50-AFDF-C690CA6882B5}.Release.Build.0 = Release|Win32
		{9615D464-2F02-4A8E-AFF0-58CAE307B4FA}.Debug.ActiveCfg = Debug|Win32
		{9615D464-2F02-4A8E-AFF0-58CAE307B4FA}.Debug.Build.0 = Debug|Win32
		{9615D464-2F02-4A8E-AFF0-58CAE307B4FA}.Release.ActiveCfg = Release|Win32
		{9615D464-2F02-4A8E-AFF0-58CAE307B4FA}.Release.Build.0 = Release|Win32
		{EC7BF9D2-A64F-4623-8162-7B18542AD6F4}.Debug.ActiveCfg = Debug|Win32
		{EC7BF9D2-A64F-4623-8162-7B18542AD6F4}.Debug.Build.0 = Debug|Win32
		{EC7BF9D2-A64F-4623-8162-7B18542AD6F4}.Release.ActiveCfg = Release|Win32
		{EC7BF9D2-A64F-4623-8162-7B18542AD6F4}.Release.Build.0 = Release|Win32
		{81BE2A0E-D80F-4145-A709-1C80F54FA36A}.Debug.ActiveCfg = Debug|Win32
		{81BE2A0E-D80F-4145-A709-1C80F54FA36A}.Debug.Build.0 = Debug|Win32
		{81BE2A0E-D80F-4145-A709-1C80F54FA36A}.Release.ActiveCfg = Release|Win32
		{81BE2A0E-D80F-4145-A709-1C80F54FA36A}.Release.Build.0 = Release|Win32
		{3C74CB7D-9502-4B69-8C3B-6C9F2694244C}.Debug.ActiveCfg = Debug|Win32
		{3C74CB7D-9502-4B69-8C3B-6C9F2694244C}.Debug.Build.0 = Debug|Win32
		{3C74CB7D-9502-4B69-8C3B-6C9F2694244C}.Release.ActiveCfg = Release|Win32
		{3C74CB7D-9502-4B69-8C3B-6C9F2694244C}.Release.Build.0 = Release|Win32
		{97B8AB73-5C9C-4345-A4A2-FCDBAD05D27F}.Debug.ActiveCfg = Debug|Win32
		{97B8AB73-5C9C-4345-A4A2-FCDBAD05D27F}.Debug.Build.0 = Debug|Win32
		{97B8AB73-5C9C-4345-A4A2-FCDBAD05D27F}.Release.ActiveCfg = Release|Win32
		{97B8AB73-5C9C-4345-A4A2-FCDBAD05D27F}.Release.Build.0 = Release|Win32
		{BF4BB3F4-6416-422D-A7BA-EAAD20E485A0}.Debug.ActiveCfg = Debug|Win32
		{BF4BB3F4-6416-422D-A7BA-EAAD20E485A0}.Debug.Build.0 = Debug|Win32
		{BF4BB3F4-6416-422D-A7BA-EAAD20E485A0}.Release.ActiveCfg = Release|Win32
		{BF4BB3F4-6416-422D-A7BA-EAAD20E485A0}.Release.Build.0 = Release|Win32
		{C1626C06-74DD-496B-B910-C5640AC68FD9}.Debug.ActiveCfg = Debug|Win32
		{C1626C06-74DD-496B-B910-C5640AC68FD9}.Debug.Build.0 = Debug|Win32
		{C1626C06-74DD-496B-B910-C5640AC68FD9}.Release.ActiveCfg = Release|Win32
		{C1626C06-74DD-496B-B910-C5640AC68FD9}.Release.Build.0 = Release|Win32
		{A01CE58A-D1F3-47C4-A5B6-21D794C39BDA}.Debug.ActiveCfg = Debug|Win32
		{A01CE58A-D1F3-47C4-A5B6-21D794C39BDA}.Debug.Build.0 = Debug|Win32
		{A01CE58A-D1F3-47C4-A5B6-21D794C39BDA}.Release.ActiveCfg = Release|Win32
		{A01CE58A-D1F3-47C4-A5B6-21D794C39BDA}.Release.Build.0 = Release|Win32
		{74667737-8B62-4518-BF8B-0F0FC3C2B6C0}.Debug.ActiveCfg = Debug|Win32
		{74667737-8B62-4518-BF8B-0F0FC3C2B6C0}.Debug.Build.0 = Debug|Win32
		{74667737-8B62-4518-BF8B-0F0FC3C2B6C0}.Release.ActiveCfg = Release|Win32
		{74667737-8B62-4518-BF8B-0F0FC3C2B6C0}.Release.Build.0 = Release|Win32
		{630232BA-CCF6-43E8-A2B0-9DC0B71602EE}.Debug.ActiveCfg = Debug|Win32
		{630232BA-CCF6-43E8-A2B0-9DC0B71602EE}.Debug.Build.0 = Debug|Win32
		{630232BA-CCF6-43E8-A2B0-9DC0B71602EE}.Release.ActiveCfg = Release|Win32
		{630232BA-CCF6-43E8-A2B0-9DC0B71602EE}.Release.Build.0 = Release|Win32
		{96DE3638-97B7-4E05-A235-FC63DE99A371}.Debug.ActiveCfg = Debug|Win32
		{96DE3638-97B7-4E05-A235-FC63DE99A371}.Debug.Build.0 = Debug|Win32
		{96DE3638-97B7-4E05-A235-FC63DE99A371}.Release.ActiveCfg = Release|Win32
		{96DE3638-97B7-4E05-A235-FC63DE99A371}.Release.Build.0 = Release|Win32
		{B371A9E9-3230-44DF-95DA-555A3C70E679}.Debug.ActiveCfg = Debug|Win32
		{B371A9E9-3230-44DF-95DA-555A3C70E679}.Debug.Build.0 = Debug|Win32
		{B371A9E9-3230-44DF-95DA-555A3C70E679}.Release.ActiveCfg = Release|Win32
		{B371A9E9-3230-44DF-95DA-555A3C70E679}.Release.Build.0 = Release|Win32
		{82907721-4234-4934-8270-5B8806513704}.Debug.ActiveCfg = Debug|Win32
		{82907721-4234-4934-8270-5B8806513704}.Debug.Build.0 = Debug|Win32
		{82907721-4234-4934-8270-5B8806513704}.Release.ActiveCfg = Release|Win32
		{82907721-4234-4934-8270-5B8806513704}.Release.Build.0 = Release|Win32
		{A9A9A626-91D1-4412-90B6-E626C0EAD425}.Debug.ActiveCfg = Debug|Win32
		{A9A9A626-91D1-4412-90B6-E626C0EAD425}.Debug.Build.0 = Debug|Win32
		{A9A9A626-91D1-4412-90B6-E626C0EAD425}.Release.ActiveCfg = Release|Win32
		{A9A9A626-91D1-4412-90B6-E626C0EAD425}.Release.Build.0 = Release|Win32
		{AD269959-6117-4CBC-8867-67A97735C0FA}.Debug.ActiveCfg = Debug|Win32
		{AD269959-6117-4CBC-8867-67A97735C0FA}.Debug.Build.0 = Debug|Win32
		{AD269959-6117-4CBC-8867-67A97735C0FA}.Release.ActiveCfg = Release|Win32
		{AD269959-6117-4CBC-8867-67A97735C0FA}.Release.Build.0 = Release|Win32
		{34339659-5F9C-489F-AA41-51C3F2D8E778}.Debug.ActiveCfg = Debug|Win32
		{34339659-5F9C-489F-AA41-51C3F2D8E778}.Debug.Build.0 = Debug|Win32
		{34339659-5F9C-489F-AA41-51C3F2D8E778}.Release.ActiveCfg = Release|Win32
		{34339659-5F9C-489F-AA41-51C3F2D8E778}.Release.Build.0 = Release|Win32
		{BD4F65BB-9F57-4185-9A8C-576FBF16489E}.Debug.ActiveCfg = Debug|Win32
		{BD4F65BB-9F57-4185-9A8C-576FBF16489E}.Debug.Build.0 = Debug|Win32
		{BD4F65BB-9F57-4185-9A8C-576FBF16489E}.Release.ActiveCfg = Release|Win32
		{BD4F65BB-9F57-4185-9A8C-576FBF16489E}.Release.Build.0 = Release|Win32
		{C189E27E-BDEA-43A4-ABDD-06E2B6904193}.Debug.ActiveCfg = Debug|Win32
		{C189E27E-BDEA-43A4-ABDD-06E2B6904193}.Debug.Build.0 = Debug|Win32
		{C189E27E-BDEA-43A4-ABDD-06E2B6904193}.Release.ActiveCfg = Release|Win32
		{C189E27E-BDEA-43A4-ABDD-06E2B6904193}.Release.Build.0 = Release|Win32
		{6D4ED3EF-42D4-49FB-A383-BB4F140D9009}.Debug.ActiveCfg = Debug|Win32
		{6D4ED3EF-42D4-49FB-A383-BB4F140D9009}.Debug.Build.0 = Debug|Win32
		{6D4ED3EF-42D4-49FB-A383-BB4F140D9009}.Release.ActiveCfg = Release|Win32
		{6D4ED3EF-42D4-49FB-A383-BB4F140D9009}.Release.Build.0 = Release|Win32
		{33F6FF35-142F-4D2D-AEA5-FAA73A875203}.Debug.ActiveCfg = Debug|Win32
		{33F6FF35-142F-4D2D-AEA5-FAA73A875203}.Debug.Build.0 = Debug|Win32
		{33F6FF35-142F-4D2D-AEA5-FAA73A875203}.Release.ActiveCfg = Release|Win32
		{33F6FF35-142F-4D2D-AEA5-FAA73A875203}.Release.Build.0 = Release|Win32
		{36D7E3EE-7A1B-4CAC-A4FC-FA00118859BB}.Debug.ActiveCfg = Debug|Win32
		{36D7E3EE-7A1B-4CAC-A4FC-FA00118859BB}.Debug.Build.0 = Debug|Win32
		{36D7E3EE-7A1B-4CAC-A4FC-FA00118859BB}.Release.ActiveCfg = Release|Win32
		{36D7E3EE-7A1B-4CAC-A4FC-FA00118859BB}.Release.Build.0 = Release|Win32
		{17DC71B4-EFA1-4839-AF56-3E936D13DB6F}.Debug.ActiveCfg = Debug|Win32
		{17DC71B4-EFA1-4839-AF56-3E936D13DB6F}.Debug.Build.0 = Debug|Win32
		{17DC71B4-EFA1-4839-AF56-3E936D13DB6F}.Release.ActiveCfg = Release|Win32
		{17DC71B4-EFA1-4839-AF56-3E936D13DB6F}.Release.Build.0 = Release|Win32
		{DAD20B06-04EC-4E72-9AA2-00FF563C35D2}.Debug.ActiveCfg = Debug|Win32
		{DAD20B06-04EC-4E72-9AA2-00FF563C35D2}.Debug.Build.0 = Debug|Win32
		{DAD20B06-04EC-4E72-9AA2-00FF563C35D2}.Release.ActiveCfg = Release|Win32
		{DAD20B06-04EC-4E72-9AA2-00FF563C35D2}.Release.Build.0 = Release|Win32
		{CD82FB38-44FB-4106-BFE7-9CC9AE46A5AE}.Debug.ActiveCfg = Debug|Win32
		{CD82FB38-44FB-4106-BFE7-9CC9AE46A5AE}.Debug.Build.0 = Debug|Win32
		{CD82FB38-44FB-4106-BFE7-9CC9AE46A5AE}.Release.ActiveCfg = Release|Win32
		{CD82FB38-44FB-4106-BFE7-9CC9AE46A5AE}.Release.Build.0 = Release|Win32
		{936BD2C1-13B9-4B5E-8AEA-2E932421ACE1}.Debug.ActiveCfg = Debug|Win32
		{936BD2C1-13B9-4B5E-8AEA-2E932421ACE1}.Debug.Build.0 = Debug|Win32
		{936BD2C1-13B9-4B5E-8AEA-2E932421ACE1}.Release.ActiveCfg = Release|Win32
		{936BD2C1-13B9-4B5E-8AEA-2E932421ACE1}.Release.Build.0 = Release|Win32
		{E4366DA1-845E-44FF-9DE5-5E39AC24A225}.Debug.ActiveCfg = Debug|Win32
		{E4366DA1-845E-44FF-9DE5-5E39AC24A225}.Debug.Build.0 = Debug|Win32
		{E4366DA1-845E-44FF-9DE5-5E39AC24A225}.Release.ActiveCfg = Release|Win32
		{E4366DA1-845E-44FF-9DE5-5E39AC24A225}.Release.Build.0 = Release|Win32
		{5BC8BA11-B239-4242-931A-6D6D9A65B3E5}.Debug.ActiveCfg = Debug|Win32
		{5BC8BA11-B239-4242-931A-6D6D9A65B3E5}.Debug.Build.0 = Debug|Win32
		{5BC8BA11-B239-4242-931A-6D6D9A65B3E5}.Release.ActiveCfg = Release|Win32
		{5BC8BA11-B239-4242-931A-6D6D9A65B3E5}.Release.Build.0 = Release|Win32
		{AE72CDC8-EE8A-4D4C-815C-B08B6BC50B73}.Debug.ActiveCfg = Debug|Win32
		{AE72CDC8-EE8A-4D4C-815C-B08B6BC50B73}.Debug.Build.0 = Debug|Win32
		{AE72CDC8-EE8A-4D4C-815C-B08B6BC50B73}.Release.ActiveCfg = Release|Win32
		{AE72CDC8-EE8A-4D4C-815C-B08B6BC50B73}.Release.Build.0 = Release|Win32
		{526A31E0-BE4F-4ACA-A1AB-485682DA4708}.Debug.ActiveCfg = Debug|Win32
		{526A31E0-BE4F-4ACA-A1AB-485682DA4708}.Debug.Build.0 = Debug|Win32
		{526A31E0-BE4F-4ACA-A1AB-485682DA4708}.Release.ActiveCfg = Release|Win32
		{526A31E0-BE4F-4ACA-A1AB-485682DA4708}.Release.Build.0 = Release|Win32
		{90D862D2-0084-4D49-BBD5-922839B30BC2}.Debug.ActiveCfg = Debug|Win32
		{90D862D2-0084-4D49-BBD5-922839B30BC2}.Debug.Build.0 = Debug|Win32
		{90D862D2-0084-4D49-BBD5-922839B30BC2}.Release.ActiveCfg = Release|Win32
		{90D862D2-0084-4D49-BBD5-922839B30BC2}.Release.Build.0 = Release|Win32
		{C2BCC51C-C4AF-4AD6-9D60-77E9E4DD50C6}.Debug.ActiveCfg = Debug|Win32
		{C2BCC51C-C4AF-4AD6-9D60-77E9E4DD50C6}.Debug.Build.0 = Debug|Win32
		{C2BCC51C-C4AF-4AD6-9D60-77E9E4DD50C6}.Release.ActiveCfg = Release|Win32
		{C2BCC51C-C4AF-4AD6-9D60-77E9E4DD50C6}.Release.Build.0 = Release|Win32
		{11962FB7-E1D7-40D0-86BC-B86BC42DDB9B}.Debug.ActiveCfg = Debug|Win32
		{11962FB7-E1D7-40D0-86BC-B86BC42DDB9B}.Debug.Build.0 = Debug|Win32
		{11962FB7-E1D7-40D0-86BC-B86BC42DDB9B}.Release.ActiveCfg = Release|Win32
		{11962FB7-E1D7-40D0-86BC-B86BC42DDB9B}.Release.Build.0 = Release|Win32
		{3A4610EA-3080-4A4B-81A9-E7BB1237C8F1}.Debug.ActiveCfg = Debug|Win32
		{3A4610EA-3080-4A4B-81A9-E7BB1237C8F1}.Debug.Build.0 = Debug|Win32
		{3A4610EA-3080-4A4B-81A9-E7BB1237C8F1}.Release.ActiveCfg = Release|Win32
		{3A4610EA-3080-4A4B-81A9-E7BB1237C8F1}.Release.Build.0 = Release|Win32
		{3E8B342F-8A14-46F0-BAF8-01E73443B44D}.Debug.ActiveCfg = Debug|Win32
		{3E8B342F-8A14-46F0-BAF8-01E73443B44D}.Debug.Build.0 = Debug|Win32
		{3E8B342F-8A14-46F0-BAF8-01E73443B44D}.Release.ActiveCfg = Release|Win32
		{3E8B342F-8A14-46F0-BAF8-01E73443B44D}.Release.Build.0 = Release|Win32
		{814F9E75-D058-4B69-9262-3E4FABD03777}.Debug.ActiveCfg = Debug|Win32
		{814F9E75-D058-4B69-9262-3E4FABD03777}.Debug.Build.0 = Debug|Win32
		{814F9E75-D058-4B69-9262-3E4FABD03777}.Release.ActiveCfg = Release|Win32
		{814F9E75-D058-4B69-9262-3E4FABD03777}.Release.Build.0 = Release|Win32
		{7CC85D70-0147-4E8B-A631-5CFFAF80B373}.Debug.ActiveCfg = Debug|Win32
		{7CC85D70-0147-4E8B-A631-5CFFAF80B373}.Debug.Build.0 = Debug|Win32
		{7CC85D70-0147-4E8B-A631-5CFFAF80B373}.Release.ActiveCfg = Release|Win32
		{7CC85D70-0147-4E8B-A631-5CFFAF80B373}.Release.Build.0 = Release|Win32
		{DB10BEAE-912B-481E-BCB9-43C26613C257}.Debug.ActiveCfg = Debug|Win32
		{DB10BEAE-912B-481E-BCB9-43C26613C257}.Debug.Build.0 = Debug|Win32
		{DB10BEAE-912B-481E-BCB9-43C26613C257}.Release.ActiveCfg = Release|Win32
		{DB10BEAE-912B-481E-BCB9-43C26613C257}.Release.Build.0 = Release|Win32
		{75BCF1BB-5508-4D7D-A84A-4D25125A0D11}.Debug.ActiveCfg = Debug|Win32
		{75BCF1BB-5508-4D7D-A84A-4D25125A0D11}.Debug.Build.0 = Debug|Win32
		{75BCF1BB-5508-4D7D-A84A-4D25125A0D11}.Release.ActiveCfg = Release|Win32
		{75BCF1BB-5508-4D7D-A84A-4D25125A0D11}.Release.Build.0 = Release|Win32
		{9E7EAA9A-457B-410D-B426-7527827B261F}.Debug.ActiveCfg = Debug|Win32
		{9E7EAA9A-457B-410D-B426-7527827B261F}.Debug.Build.0 = Debug|Win32
		{9E7EAA9A-457B-410D-B426-7527827B261F}.Release.ActiveCfg = Release|Win32
		{9E7EAA9A-457B-410D-B426-7527827B261F}.Release.Build.0 = Release|Win32
		{5C6132CC-DDC7-4CB6-AADB-C59B591CD32A}.Debug.ActiveCfg = Debug|Win32
		{5C6132CC-DDC7-4CB6-AADB-C59B591CD32A}.Debug.Build.0 = Debug|Win32
		{5C6132CC-DDC7-4CB6-AADB-C59B591CD32A}.Release.ActiveCfg = Release|Win32
		{5C6132CC-DDC7-4CB6-AADB-C59B591CD32A}.Release.Build.0 = Release|Win32
	EndGlobalSection
	GlobalSection(ExtensibilityGlobals) = postSolution
	EndGlobalSection
	GlobalSection(ExtensibilityAddIns) = postSolution
	EndGlobalSection
EndGlobal
